// !$*UTF8*$!
{
	archiveVersion = 1;
	classes = {
	};
	objectVersion = 56;
	objects = {

/* Begin PBXBuildFile section */
		9DACAE142BFE137E00BA3DCA /* AppDelegate.swift in Sources */ = {isa = PBXBuildFile; fileRef = 9DACAE132BFE137E00BA3DCA /* AppDelegate.swift */; };
		9DACAE162BFE137E00BA3DCA /* SceneDelegate.swift in Sources */ = {isa = PBXBuildFile; fileRef = 9DACAE152BFE137E00BA3DCA /* SceneDelegate.swift */; };
		9DACAE1B2BFE137E00BA3DCA /* Main.storyboard in Resources */ = {isa = PBXBuildFile; fileRef = 9DACAE192BFE137E00BA3DCA /* Main.storyboard */; };
		9DACAE1D2BFE138000BA3DCA /* Assets.xcassets in Resources */ = {isa = PBXBuildFile; fileRef = 9DACAE1C2BFE138000BA3DCA /* Assets.xcassets */; };
		9DACAE202BFE138000BA3DCA /* LaunchScreen.storyboard in Resources */ = {isa = PBXBuildFile; fileRef = 9DACAE1E2BFE138000BA3DCA /* LaunchScreen.storyboard */; };
		9DACAE2B2BFE138000BA3DCA /* MVVM_ProductDetailsTests.swift in Sources */ = {isa = PBXBuildFile; fileRef = 9DACAE2A2BFE138000BA3DCA /* MVVM_ProductDetailsTests.swift */; };
		9DACAE352BFE138000BA3DCA /* MVVM_ProductDetailsUITests.swift in Sources */ = {isa = PBXBuildFile; fileRef = 9DACAE342BFE138000BA3DCA /* MVVM_ProductDetailsUITests.swift */; };
		9DACAE372BFE138000BA3DCA /* MVVM_ProductDetailsUITestsLaunchTests.swift in Sources */ = {isa = PBXBuildFile; fileRef = 9DACAE362BFE138000BA3DCA /* MVVM_ProductDetailsUITestsLaunchTests.swift */; };
		9DACAE4F2BFE1A2C00BA3DCA /* Product.swift in Sources */ = {isa = PBXBuildFile; fileRef = 9DACAE4E2BFE1A2C00BA3DCA /* Product.swift */; };
		9DACAE512BFE1B3F00BA3DCA /* APIManager.swift in Sources */ = {isa = PBXBuildFile; fileRef = 9DACAE502BFE1B3F00BA3DCA /* APIManager.swift */; };
		9DACAE532BFE202000BA3DCA /* Constant.swift in Sources */ = {isa = PBXBuildFile; fileRef = 9DACAE522BFE202000BA3DCA /* Constant.swift */; };
		9DACAE552BFE7D7500BA3DCA /* ProductListViewController.swift in Sources */ = {isa = PBXBuildFile; fileRef = 9DACAE542BFE7D7500BA3DCA /* ProductListViewController.swift */; };
		9DACAE572BFE7EF800BA3DCA /* ProductViewModel.swift in Sources */ = {isa = PBXBuildFile; fileRef = 9DACAE562BFE7EF800BA3DCA /* ProductViewModel.swift */; };
		9DACAE5E2BFF20EA00BA3DCA /* ProductCellTableViewCell.swift in Sources */ = {isa = PBXBuildFile; fileRef = 9DACAE5C2BFF20EA00BA3DCA /* ProductCellTableViewCell.swift */; };
		9DACAE5F2BFF20EA00BA3DCA /* ProductCellTableViewCell.xib in Resources */ = {isa = PBXBuildFile; fileRef = 9DACAE5D2BFF20EA00BA3DCA /* ProductCellTableViewCell.xib */; };
		9DACAE622BFF45CE00BA3DCA /* Kingfisher in Frameworks */ = {isa = PBXBuildFile; productRef = 9DACAE612BFF45CE00BA3DCA /* Kingfisher */; };
		9DACAE642BFF464900BA3DCA /* UIImage+Extension.swift in Sources */ = {isa = PBXBuildFile; fileRef = 9DACAE632BFF464900BA3DCA /* UIImage+Extension.swift */; };
/* End PBXBuildFile section */

/* Begin PBXContainerItemProxy section */
		9DACAE272BFE138000BA3DCA /* PBXContainerItemProxy */ = {
			isa = PBXContainerItemProxy;
			containerPortal = 9DACAE082BFE137E00BA3DCA /* Project object */;
			proxyType = 1;
			remoteGlobalIDString = 9DACAE0F2BFE137E00BA3DCA;
			remoteInfo = "MVVM-ProductDetails";
		};
		9DACAE312BFE138000BA3DCA /* PBXContainerItemProxy */ = {
			isa = PBXContainerItemProxy;
			containerPortal = 9DACAE082BFE137E00BA3DCA /* Project object */;
			proxyType = 1;
			remoteGlobalIDString = 9DACAE0F2BFE137E00BA3DCA;
			remoteInfo = "MVVM-ProductDetails";
		};
/* End PBXContainerItemProxy section */

/* Begin PBXFileReference section */
		9DACAE102BFE137E00BA3DCA /* MVVM-ProductDetails.app */ = {isa = PBXFileReference; explicitFileType = wrapper.application; includeInIndex = 0; path = "MVVM-ProductDetails.app"; sourceTree = BUILT_PRODUCTS_DIR; };
		9DACAE132BFE137E00BA3DCA /* AppDelegate.swift */ = {isa = PBXFileReference; lastKnownFileType = sourcecode.swift; path = AppDelegate.swift; sourceTree = "<group>"; };
		9DACAE152BFE137E00BA3DCA /* SceneDelegate.swift */ = {isa = PBXFileReference; lastKnownFileType = sourcecode.swift; path = SceneDelegate.swift; sourceTree = "<group>"; };
		9DACAE1A2BFE137E00BA3DCA /* Base */ = {isa = PBXFileReference; lastKnownFileType = file.storyboard; name = Base; path = Base.lproj/Main.storyboard; sourceTree = "<group>"; };
		9DACAE1C2BFE138000BA3DCA /* Assets.xcassets */ = {isa = PBXFileReference; lastKnownFileType = folder.assetcatalog; path = Assets.xcassets; sourceTree = "<group>"; };
		9DACAE1F2BFE138000BA3DCA /* Base */ = {isa = PBXFileReference; lastKnownFileType = file.storyboard; name = Base; path = Base.lproj/LaunchScreen.storyboard; sourceTree = "<group>"; };
		9DACAE212BFE138000BA3DCA /* Info.plist */ = {isa = PBXFileReference; lastKnownFileType = text.plist.xml; path = Info.plist; sourceTree = "<group>"; };
		9DACAE262BFE138000BA3DCA /* MVVM-ProductDetailsTests.xctest */ = {isa = PBXFileReference; explicitFileType = wrapper.cfbundle; includeInIndex = 0; path = "MVVM-ProductDetailsTests.xctest"; sourceTree = BUILT_PRODUCTS_DIR; };
		9DACAE2A2BFE138000BA3DCA /* MVVM_ProductDetailsTests.swift */ = {isa = PBXFileReference; lastKnownFileType = sourcecode.swift; path = MVVM_ProductDetailsTests.swift; sourceTree = "<group>"; };
		9DACAE302BFE138000BA3DCA /* MVVM-ProductDetailsUITests.xctest */ = {isa = PBXFileReference; explicitFileType = wrapper.cfbundle; includeInIndex = 0; path = "MVVM-ProductDetailsUITests.xctest"; sourceTree = BUILT_PRODUCTS_DIR; };
		9DACAE342BFE138000BA3DCA /* MVVM_ProductDetailsUITests.swift */ = {isa = PBXFileReference; lastKnownFileType = sourcecode.swift; path = MVVM_ProductDetailsUITests.swift; sourceTree = "<group>"; };
		9DACAE362BFE138000BA3DCA /* MVVM_ProductDetailsUITestsLaunchTests.swift */ = {isa = PBXFileReference; lastKnownFileType = sourcecode.swift; path = MVVM_ProductDetailsUITestsLaunchTests.swift; sourceTree = "<group>"; };
		9DACAE4E2BFE1A2C00BA3DCA /* Product.swift */ = {isa = PBXFileReference; lastKnownFileType = sourcecode.swift; path = Product.swift; sourceTree = "<group>"; };
		9DACAE502BFE1B3F00BA3DCA /* APIManager.swift */ = {isa = PBXFileReference; lastKnownFileType = sourcecode.swift; path = APIManager.swift; sourceTree = "<group>"; };
		9DACAE522BFE202000BA3DCA /* Constant.swift */ = {isa = PBXFileReference; lastKnownFileType = sourcecode.swift; path = Constant.swift; sourceTree = "<group>"; };
		9DACAE542BFE7D7500BA3DCA /* ProductListViewController.swift */ = {isa = PBXFileReference; lastKnownFileType = sourcecode.swift; path = ProductListViewController.swift; sourceTree = "<group>"; };
		9DACAE562BFE7EF800BA3DCA /* ProductViewModel.swift */ = {isa = PBXFileReference; lastKnownFileType = sourcecode.swift; path = ProductViewModel.swift; sourceTree = "<group>"; };
		9DACAE5C2BFF20EA00BA3DCA /* ProductCellTableViewCell.swift */ = {isa = PBXFileReference; lastKnownFileType = sourcecode.swift; path = ProductCellTableViewCell.swift; sourceTree = "<group>"; };
		9DACAE5D2BFF20EA00BA3DCA /* ProductCellTableViewCell.xib */ = {isa = PBXFileReference; lastKnownFileType = file.xib; path = ProductCellTableViewCell.xib; sourceTree = "<group>"; };
		9DACAE632BFF464900BA3DCA /* UIImage+Extension.swift */ = {isa = PBXFileReference; lastKnownFileType = sourcecode.swift; path = "UIImage+Extension.swift"; sourceTree = "<group>"; };
/* End PBXFileReference section */

/* Begin PBXFrameworksBuildPhase section */
		9DACAE0D2BFE137E00BA3DCA /* Frameworks */ = {
			isa = PBXFrameworksBuildPhase;
			buildActionMask = 2147483647;
			files = (
				9DACAE622BFF45CE00BA3DCA /* Kingfisher in Frameworks */,
			);
			runOnlyForDeploymentPostprocessing = 0;
		};
		9DACAE232BFE138000BA3DCA /* Frameworks */ = {
			isa = PBXFrameworksBuildPhase;
			buildActionMask = 2147483647;
			files = (
			);
			runOnlyForDeploymentPostprocessing = 0;
		};
		9DACAE2D2BFE138000BA3DCA /* Frameworks */ = {
			isa = PBXFrameworksBuildPhase;
			buildActionMask = 2147483647;
			files = (
			);
			runOnlyForDeploymentPostprocessing = 0;
		};
/* End PBXFrameworksBuildPhase section */

/* Begin PBXGroup section */
		9DACAE072BFE137E00BA3DCA = {
			isa = PBXGroup;
			children = (
				9DACAE122BFE137E00BA3DCA /* MVVM-ProductDetails */,
				9DACAE292BFE138000BA3DCA /* MVVM-ProductDetailsTests */,
				9DACAE332BFE138000BA3DCA /* MVVM-ProductDetailsUITests */,
				9DACAE112BFE137E00BA3DCA /* Products */,
			);
			sourceTree = "<group>";
		};
		9DACAE112BFE137E00BA3DCA /* Products */ = {
			isa = PBXGroup;
			children = (
				9DACAE102BFE137E00BA3DCA /* MVVM-ProductDetails.app */,
				9DACAE262BFE138000BA3DCA /* MVVM-ProductDetailsTests.xctest */,
				9DACAE302BFE138000BA3DCA /* MVVM-ProductDetailsUITests.xctest */,
			);
			name = Products;
			sourceTree = "<group>";
		};
		9DACAE122BFE137E00BA3DCA /* MVVM-ProductDetails */ = {
			isa = PBXGroup;
			children = (
				9DACAE432BFE14EE00BA3DCA /* Application */,
				9DACAE452BFE151A00BA3DCA /* Constants */,
				9DACAE442BFE150A00BA3DCA /* Extensions */,
				9DACAE462BFE154400BA3DCA /* Helper */,
				9DACAE472BFE156200BA3DCA /* Modules */,
				9DACAE482BFE156D00BA3DCA /* Storyboard */,
				9DACAE492BFE157B00BA3DCA /* Resources */,
				9DACAE212BFE138000BA3DCA /* Info.plist */,
			);
			path = "MVVM-ProductDetails";
			sourceTree = "<group>";
		};
		9DACAE292BFE138000BA3DCA /* MVVM-ProductDetailsTests */ = {
			isa = PBXGroup;
			children = (
				9DACAE2A2BFE138000BA3DCA /* MVVM_ProductDetailsTests.swift */,
			);
			path = "MVVM-ProductDetailsTests";
			sourceTree = "<group>";
		};
		9DACAE332BFE138000BA3DCA /* MVVM-ProductDetailsUITests */ = {
			isa = PBXGroup;
			children = (
				9DACAE342BFE138000BA3DCA /* MVVM_ProductDetailsUITests.swift */,
				9DACAE362BFE138000BA3DCA /* MVVM_ProductDetailsUITestsLaunchTests.swift */,
			);
			path = "MVVM-ProductDetailsUITests";
			sourceTree = "<group>";
		};
		9DACAE432BFE14EE00BA3DCA /* Application */ = {
			isa = PBXGroup;
			children = (
				9DACAE132BFE137E00BA3DCA /* AppDelegate.swift */,
				9DACAE152BFE137E00BA3DCA /* SceneDelegate.swift */,
			);
			path = Application;
			sourceTree = "<group>";
		};
		9DACAE442BFE150A00BA3DCA /* Extensions */ = {
			isa = PBXGroup;
			children = (
				9DACAE632BFF464900BA3DCA /* UIImage+Extension.swift */,
			);
			path = Extensions;
			sourceTree = "<group>";
		};
		9DACAE452BFE151A00BA3DCA /* Constants */ = {
			isa = PBXGroup;
			children = (
				9DACAE522BFE202000BA3DCA /* Constant.swift */,
			);
			path = Constants;
			sourceTree = "<group>";
		};
		9DACAE462BFE154400BA3DCA /* Helper */ = {
			isa = PBXGroup;
			children = (
				9DACAE502BFE1B3F00BA3DCA /* APIManager.swift */,
			);
			path = Helper;
			sourceTree = "<group>";
		};
		9DACAE472BFE156200BA3DCA /* Modules */ = {
			isa = PBXGroup;
			children = (
				9DACAE4A2BFE160F00BA3DCA /* Products */,
			);
			path = Modules;
			sourceTree = "<group>";
		};
		9DACAE482BFE156D00BA3DCA /* Storyboard */ = {
			isa = PBXGroup;
			children = (
				9DACAE192BFE137E00BA3DCA /* Main.storyboard */,
				9DACAE1E2BFE138000BA3DCA /* LaunchScreen.storyboard */,
			);
			path = Storyboard;
			sourceTree = "<group>";
		};
		9DACAE492BFE157B00BA3DCA /* Resources */ = {
			isa = PBXGroup;
			children = (
				9DACAE1C2BFE138000BA3DCA /* Assets.xcassets */,
			);
			path = Resources;
			sourceTree = "<group>";
		};
		9DACAE4A2BFE160F00BA3DCA /* Products */ = {
			isa = PBXGroup;
			children = (
				9DACAE4B2BFE162600BA3DCA /* Model */,
				9DACAE4C2BFE162F00BA3DCA /* View */,
				9DACAE4D2BFE163700BA3DCA /* ViewModel */,
			);
			path = Products;
			sourceTree = "<group>";
		};
		9DACAE4B2BFE162600BA3DCA /* Model */ = {
			isa = PBXGroup;
			children = (
				9DACAE4E2BFE1A2C00BA3DCA /* Product.swift */,
			);
			path = Model;
			sourceTree = "<group>";
		};
		9DACAE4C2BFE162F00BA3DCA /* View */ = {
			isa = PBXGroup;
			children = (
				9DACAE542BFE7D7500BA3DCA /* ProductListViewController.swift */,
				9DACAE5C2BFF20EA00BA3DCA /* ProductCellTableViewCell.swift */,
				9DACAE5D2BFF20EA00BA3DCA /* ProductCellTableViewCell.xib */,
			);
			path = View;
			sourceTree = "<group>";
		};
		9DACAE4D2BFE163700BA3DCA /* ViewModel */ = {
			isa = PBXGroup;
			children = (
				9DACAE562BFE7EF800BA3DCA /* ProductViewModel.swift */,
			);
			path = ViewModel;
			sourceTree = "<group>";
		};
/* End PBXGroup section */

/* Begin PBXNativeTarget section */
		9DACAE0F2BFE137E00BA3DCA /* MVVM-ProductDetails */ = {
			isa = PBXNativeTarget;
			buildConfigurationList = 9DACAE3A2BFE138000BA3DCA /* Build configuration list for PBXNativeTarget "MVVM-ProductDetails" */;
			buildPhases = (
				9DACAE0C2BFE137E00BA3DCA /* Sources */,
				9DACAE0D2BFE137E00BA3DCA /* Frameworks */,
				9DACAE0E2BFE137E00BA3DCA /* Resources */,
			);
			buildRules = (
			);
			dependencies = (
			);
			name = "MVVM-ProductDetails";
			packageProductDependencies = (
				9DACAE612BFF45CE00BA3DCA /* Kingfisher */,
			);
			productName = "MVVM-ProductDetails";
			productReference = 9DACAE102BFE137E00BA3DCA /* MVVM-ProductDetails.app */;
			productType = "com.apple.product-type.application";
		};
		9DACAE252BFE138000BA3DCA /* MVVM-ProductDetailsTests */ = {
			isa = PBXNativeTarget;
			buildConfigurationList = 9DACAE3D2BFE138000BA3DCA /* Build configuration list for PBXNativeTarget "MVVM-ProductDetailsTests" */;
			buildPhases = (
				9DACAE222BFE138000BA3DCA /* Sources */,
				9DACAE232BFE138000BA3DCA /* Frameworks */,
				9DACAE242BFE138000BA3DCA /* Resources */,
			);
			buildRules = (
			);
			dependencies = (
				9DACAE282BFE138000BA3DCA /* PBXTargetDependency */,
			);
			name = "MVVM-ProductDetailsTests";
			productName = "MVVM-ProductDetailsTests";
			productReference = 9DACAE262BFE138000BA3DCA /* MVVM-ProductDetailsTests.xctest */;
			productType = "com.apple.product-type.bundle.unit-test";
		};
		9DACAE2F2BFE138000BA3DCA /* MVVM-ProductDetailsUITests */ = {
			isa = PBXNativeTarget;
			buildConfigurationList = 9DACAE402BFE138000BA3DCA /* Build configuration list for PBXNativeTarget "MVVM-ProductDetailsUITests" */;
			buildPhases = (
				9DACAE2C2BFE138000BA3DCA /* Sources */,
				9DACAE2D2BFE138000BA3DCA /* Frameworks */,
				9DACAE2E2BFE138000BA3DCA /* Resources */,
			);
			buildRules = (
			);
			dependencies = (
				9DACAE322BFE138000BA3DCA /* PBXTargetDependency */,
			);
			name = "MVVM-ProductDetailsUITests";
			productName = "MVVM-ProductDetailsUITests";
			productReference = 9DACAE302BFE138000BA3DCA /* MVVM-ProductDetailsUITests.xctest */;
			productType = "com.apple.product-type.bundle.ui-testing";
		};
/* End PBXNativeTarget section */

/* Begin PBXProject section */
		9DACAE082BFE137E00BA3DCA /* Project object */ = {
			isa = PBXProject;
			attributes = {
				BuildIndependentTargetsInParallel = 1;
				LastSwiftUpdateCheck = 1520;
				LastUpgradeCheck = 1520;
				TargetAttributes = {
					9DACAE0F2BFE137E00BA3DCA = {
						CreatedOnToolsVersion = 15.2;
					};
					9DACAE252BFE138000BA3DCA = {
						CreatedOnToolsVersion = 15.2;
						TestTargetID = 9DACAE0F2BFE137E00BA3DCA;
					};
					9DACAE2F2BFE138000BA3DCA = {
						CreatedOnToolsVersion = 15.2;
						TestTargetID = 9DACAE0F2BFE137E00BA3DCA;
					};
				};
			};
			buildConfigurationList = 9DACAE0B2BFE137E00BA3DCA /* Build configuration list for PBXProject "MVVM-ProductDetails" */;
			compatibilityVersion = "Xcode 14.0";
			developmentRegion = en;
			hasScannedForEncodings = 0;
			knownRegions = (
				en,
				Base,
			);
			mainGroup = 9DACAE072BFE137E00BA3DCA;
			packageReferences = (
				9DACAE602BFF45CE00BA3DCA /* XCRemoteSwiftPackageReference "Kingfisher" */,
			);
			productRefGroup = 9DACAE112BFE137E00BA3DCA /* Products */;
			projectDirPath = "";
			projectRoot = "";
			targets = (
				9DACAE0F2BFE137E00BA3DCA /* MVVM-ProductDetails */,
				9DACAE252BFE138000BA3DCA /* MVVM-ProductDetailsTests */,
				9DACAE2F2BFE138000BA3DCA /* MVVM-ProductDetailsUITests */,
			);
		};
/* End PBXProject section */

/* Begin PBXResourcesBuildPhase section */
		9DACAE0E2BFE137E00BA3DCA /* Resources */ = {
			isa = PBXResourcesBuildPhase;
			buildActionMask = 2147483647;
			files = (
				9DACAE202BFE138000BA3DCA /* LaunchScreen.storyboard in Resources */,
				9DACAE5F2BFF20EA00BA3DCA /* ProductCellTableViewCell.xib in Resources */,
				9DACAE1D2BFE138000BA3DCA /* Assets.xcassets in Resources */,
				9DACAE1B2BFE137E00BA3DCA /* Main.storyboard in Resources */,
			);
			runOnlyForDeploymentPostprocessing = 0;
		};
		9DACAE242BFE138000BA3DCA /* Resources */ = {
			isa = PBXResourcesBuildPhase;
			buildActionMask = 2147483647;
			files = (
			);
			runOnlyForDeploymentPostprocessing = 0;
		};
		9DACAE2E2BFE138000BA3DCA /* Resources */ = {
			isa = PBXResourcesBuildPhase;
			buildActionMask = 2147483647;
			files = (
			);
			runOnlyForDeploymentPostprocessing = 0;
		};
/* End PBXResourcesBuildPhase section */

/* Begin PBXSourcesBuildPhase section */
		9DACAE0C2BFE137E00BA3DCA /* Sources */ = {
			isa = PBXSourcesBuildPhase;
			buildActionMask = 2147483647;
			files = (
				9DACAE572BFE7EF800BA3DCA /* ProductViewModel.swift in Sources */,
				9DACAE512BFE1B3F00BA3DCA /* APIManager.swift in Sources */,
				9DACAE142BFE137E00BA3DCA /* AppDelegate.swift in Sources */,
				9DACAE642BFF464900BA3DCA /* UIImage+Extension.swift in Sources */,
				9DACAE532BFE202000BA3DCA /* Constant.swift in Sources */,
				9DACAE162BFE137E00BA3DCA /* SceneDelegate.swift in Sources */,
				9DACAE5E2BFF20EA00BA3DCA /* ProductCellTableViewCell.swift in Sources */,
				9DACAE552BFE7D7500BA3DCA /* ProductListViewController.swift in Sources */,
				9DACAE4F2BFE1A2C00BA3DCA /* Product.swift in Sources */,
			);
			runOnlyForDeploymentPostprocessing = 0;
		};
		9DACAE222BFE138000BA3DCA /* Sources */ = {
			isa = PBXSourcesBuildPhase;
			buildActionMask = 2147483647;
			files = (
				9DACAE2B2BFE138000BA3DCA /* MVVM_ProductDetailsTests.swift in Sources */,
			);
			runOnlyForDeploymentPostprocessing = 0;
		};
		9DACAE2C2BFE138000BA3DCA /* Sources */ = {
			isa = PBXSourcesBuildPhase;
			buildActionMask = 2147483647;
			files = (
				9DACAE352BFE138000BA3DCA /* MVVM_ProductDetailsUITests.swift in Sources */,
				9DACAE372BFE138000BA3DCA /* MVVM_ProductDetailsUITestsLaunchTests.swift in Sources */,
			);
			runOnlyForDeploymentPostprocessing = 0;
		};
/* End PBXSourcesBuildPhase section */

/* Begin PBXTargetDependency section */
		9DACAE282BFE138000BA3DCA /* PBXTargetDependency */ = {
			isa = PBXTargetDependency;
			target = 9DACAE0F2BFE137E00BA3DCA /* MVVM-ProductDetails */;
			targetProxy = 9DACAE272BFE138000BA3DCA /* PBXContainerItemProxy */;
		};
		9DACAE322BFE138000BA3DCA /* PBXTargetDependency */ = {
			isa = PBXTargetDependency;
			target = 9DACAE0F2BFE137E00BA3DCA /* MVVM-ProductDetails */;
			targetProxy = 9DACAE312BFE138000BA3DCA /* PBXContainerItemProxy */;
		};
/* End PBXTargetDependency section */

/* Begin PBXVariantGroup section */
		9DACAE192BFE137E00BA3DCA /* Main.storyboard */ = {
			isa = PBXVariantGroup;
			children = (
				9DACAE1A2BFE137E00BA3DCA /* Base */,
			);
			name = Main.storyboard;
			sourceTree = "<group>";
		};
		9DACAE1E2BFE138000BA3DCA /* LaunchScreen.storyboard */ = {
			isa = PBXVariantGroup;
			children = (
				9DACAE1F2BFE138000BA3DCA /* Base */,
			);
			name = LaunchScreen.storyboard;
			sourceTree = "<group>";
		};
/* End PBXVariantGroup section */

/* Begin XCBuildConfiguration section */
		9DACAE382BFE138000BA3DCA /* Debug */ = {
			isa = XCBuildConfiguration;
			buildSettings = {
				ALWAYS_SEARCH_USER_PATHS = NO;
				ASSETCATALOG_COMPILER_GENERATE_SWIFT_ASSET_SYMBOL_EXTENSIONS = YES;
				CLANG_ANALYZER_NONNULL = YES;
				CLANG_ANALYZER_NUMBER_OBJECT_CONVERSION = YES_AGGRESSIVE;
				CLANG_CXX_LANGUAGE_STANDARD = "gnu++20";
				CLANG_ENABLE_MODULES = YES;
				CLANG_ENABLE_OBJC_ARC = YES;
				CLANG_ENABLE_OBJC_WEAK = YES;
				CLANG_WARN_BLOCK_CAPTURE_AUTORELEASING = YES;
				CLANG_WARN_BOOL_CONVERSION = YES;
				CLANG_WARN_COMMA = YES;
				CLANG_WARN_CONSTANT_CONVERSION = YES;
				CLANG_WARN_DEPRECATED_OBJC_IMPLEMENTATIONS = YES;
				CLANG_WARN_DIRECT_OBJC_ISA_USAGE = YES_ERROR;
				CLANG_WARN_DOCUMENTATION_COMMENTS = YES;
				CLANG_WARN_EMPTY_BODY = YES;
				CLANG_WARN_ENUM_CONVERSION = YES;
				CLANG_WARN_INFINITE_RECURSION = YES;
				CLANG_WARN_INT_CONVERSION = YES;
				CLANG_WARN_NON_LITERAL_NULL_CONVERSION = YES;
				CLANG_WARN_OBJC_IMPLICIT_RETAIN_SELF = YES;
				CLANG_WARN_OBJC_LITERAL_CONVERSION = YES;
				CLANG_WARN_OBJC_ROOT_CLASS = YES_ERROR;
				CLANG_WARN_QUOTED_INCLUDE_IN_FRAMEWORK_HEADER = YES;
				CLANG_WARN_RANGE_LOOP_ANALYSIS = YES;
				CLANG_WARN_STRICT_PROTOTYPES = YES;
				CLANG_WARN_SUSPICIOUS_MOVE = YES;
				CLANG_WARN_UNGUARDED_AVAILABILITY = YES_AGGRESSIVE;
				CLANG_WARN_UNREACHABLE_CODE = YES;
				CLANG_WARN__DUPLICATE_METHOD_MATCH = YES;
				COPY_PHASE_STRIP = NO;
				DEBUG_INFORMATION_FORMAT = dwarf;
				ENABLE_STRICT_OBJC_MSGSEND = YES;
				ENABLE_TESTABILITY = YES;
				ENABLE_USER_SCRIPT_SANDBOXING = YES;
				GCC_C_LANGUAGE_STANDARD = gnu17;
				GCC_DYNAMIC_NO_PIC = NO;
				GCC_NO_COMMON_BLOCKS = YES;
				GCC_OPTIMIZATION_LEVEL = 0;
				GCC_PREPROCESSOR_DEFINITIONS = (
					"DEBUG=1",
					"$(inherited)",
				);
				GCC_WARN_64_TO_32_BIT_CONVERSION = YES;
				GCC_WARN_ABOUT_RETURN_TYPE = YES_ERROR;
				GCC_WARN_UNDECLARED_SELECTOR = YES;
				GCC_WARN_UNINITIALIZED_AUTOS = YES_AGGRESSIVE;
				GCC_WARN_UNUSED_FUNCTION = YES;
				GCC_WARN_UNUSED_VARIABLE = YES;
				IPHONEOS_DEPLOYMENT_TARGET = 17.2;
				LOCALIZATION_PREFERS_STRING_CATALOGS = YES;
				MTL_ENABLE_DEBUG_INFO = INCLUDE_SOURCE;
				MTL_FAST_MATH = YES;
				ONLY_ACTIVE_ARCH = YES;
				SDKROOT = iphoneos;
				SWIFT_ACTIVE_COMPILATION_CONDITIONS = "DEBUG $(inherited)";
				SWIFT_OPTIMIZATION_LEVEL = "-Onone";
			};
			name = Debug;
		};
		9DACAE392BFE138000BA3DCA /* Release */ = {
			isa = XCBuildConfiguration;
			buildSettings = {
				ALWAYS_SEARCH_USER_PATHS = NO;
				ASSETCATALOG_COMPILER_GENERATE_SWIFT_ASSET_SYMBOL_EXTENSIONS = YES;
				CLANG_ANALYZER_NONNULL = YES;
				CLANG_ANALYZER_NUMBER_OBJECT_CONVERSION = YES_AGGRESSIVE;
				CLANG_CXX_LANGUAGE_STANDARD = "gnu++20";
				CLANG_ENABLE_MODULES = YES;
				CLANG_ENABLE_OBJC_ARC = YES;
				CLANG_ENABLE_OBJC_WEAK = YES;
				CLANG_WARN_BLOCK_CAPTURE_AUTORELEASING = YES;
				CLANG_WARN_BOOL_CONVERSION = YES;
				CLANG_WARN_COMMA = YES;
				CLANG_WARN_CONSTANT_CONVERSION = YES;
				CLANG_WARN_DEPRECATED_OBJC_IMPLEMENTATIONS = YES;
				CLANG_WARN_DIRECT_OBJC_ISA_USAGE = YES_ERROR;
				CLANG_WARN_DOCUMENTATION_COMMENTS = YES;
				CLANG_WARN_EMPTY_BODY = YES;
				CLANG_WARN_ENUM_CONVERSION = YES;
				CLANG_WARN_INFINITE_RECURSION = YES;
				CLANG_WARN_INT_CONVERSION = YES;
				CLANG_WARN_NON_LITERAL_NULL_CONVERSION = YES;
				CLANG_WARN_OBJC_IMPLICIT_RETAIN_SELF = YES;
				CLANG_WARN_OBJC_LITERAL_CONVERSION = YES;
				CLANG_WARN_OBJC_ROOT_CLASS = YES_ERROR;
				CLANG_WARN_QUOTED_INCLUDE_IN_FRAMEWORK_HEADER = YES;
				CLANG_WARN_RANGE_LOOP_ANALYSIS = YES;
				CLANG_WARN_STRICT_PROTOTYPES = YES;
				CLANG_WARN_SUSPICIOUS_MOVE = YES;
				CLANG_WARN_UNGUARDED_AVAILABILITY = YES_AGGRESSIVE;
				CLANG_WARN_UNREACHABLE_CODE = YES;
				CLANG_WARN__DUPLICATE_METHOD_MATCH = YES;
				COPY_PHASE_STRIP = NO;
				DEBUG_INFORMATION_FORMAT = "dwarf-with-dsym";
				ENABLE_NS_ASSERTIONS = NO;
				ENABLE_STRICT_OBJC_MSGSEND = YES;
				ENABLE_USER_SCRIPT_SANDBOXING = YES;
				GCC_C_LANGUAGE_STANDARD = gnu17;
				GCC_NO_COMMON_BLOCKS = YES;
				GCC_WARN_64_TO_32_BIT_CONVERSION = YES;
				GCC_WARN_ABOUT_RETURN_TYPE = YES_ERROR;
				GCC_WARN_UNDECLARED_SELECTOR = YES;
				GCC_WARN_UNINITIALIZED_AUTOS = YES_AGGRESSIVE;
				GCC_WARN_UNUSED_FUNCTION = YES;
				GCC_WARN_UNUSED_VARIABLE = YES;
				IPHONEOS_DEPLOYMENT_TARGET = 17.2;
				LOCALIZATION_PREFERS_STRING_CATALOGS = YES;
				MTL_ENABLE_DEBUG_INFO = NO;
				MTL_FAST_MATH = YES;
				SDKROOT = iphoneos;
				SWIFT_COMPILATION_MODE = wholemodule;
				VALIDATE_PRODUCT = YES;
			};
			name = Release;
		};
		9DACAE3B2BFE138000BA3DCA /* Debug */ = {
			isa = XCBuildConfiguration;
			buildSettings = {
				ASSETCATALOG_COMPILER_APPICON_NAME = AppIcon;
				ASSETCATALOG_COMPILER_GLOBAL_ACCENT_COLOR_NAME = AccentColor;
				CODE_SIGN_STYLE = Automatic;
				CURRENT_PROJECT_VERSION = 1;
				GENERATE_INFOPLIST_FILE = YES;
				INFOPLIST_FILE = "MVVM-ProductDetails/Info.plist";
				INFOPLIST_KEY_UIApplicationSupportsIndirectInputEvents = YES;
				INFOPLIST_KEY_UILaunchStoryboardName = LaunchScreen;
				INFOPLIST_KEY_UIMainStoryboardFile = Main;
				INFOPLIST_KEY_UISupportedInterfaceOrientations_iPad = "UIInterfaceOrientationPortrait UIInterfaceOrientationPortraitUpsideDown UIInterfaceOrientationLandscapeLeft UIInterfaceOrientationLandscapeRight";
				INFOPLIST_KEY_UISupportedInterfaceOrientations_iPhone = "UIInterfaceOrientationPortrait UIInterfaceOrientationLandscapeLeft UIInterfaceOrientationLandscapeRight";
				LD_RUNPATH_SEARCH_PATHS = (
					"$(inherited)",
					"@executable_path/Frameworks",
				);
				MARKETING_VERSION = 1.0;
				PRODUCT_BUNDLE_IDENTIFIER = "za.co.nedBank.KidsBankingModule.MVVM-ProductDetails";
				PRODUCT_NAME = "$(TARGET_NAME)";
				SWIFT_EMIT_LOC_STRINGS = YES;
				SWIFT_VERSION = 5.0;
				TARGETED_DEVICE_FAMILY = "1,2";
			};
			name = Debug;
		};
		9DACAE3C2BFE138000BA3DCA /* Release */ = {
			isa = XCBuildConfiguration;
			buildSettings = {
				ASSETCATALOG_COMPILER_APPICON_NAME = AppIcon;
				ASSETCATALOG_COMPILER_GLOBAL_ACCENT_COLOR_NAME = AccentColor;
				CODE_SIGN_STYLE = Automatic;
				CURRENT_PROJECT_VERSION = 1;
				GENERATE_INFOPLIST_FILE = YES;
				INFOPLIST_FILE = "MVVM-ProductDetails/Info.plist";
				INFOPLIST_KEY_UIApplicationSupportsIndirectInputEvents = YES;
				INFOPLIST_KEY_UILaunchStoryboardName = LaunchScreen;
				INFOPLIST_KEY_UIMainStoryboardFile = Main;
				INFOPLIST_KEY_UISupportedInterfaceOrientations_iPad = "UIInterfaceOrientationPortrait UIInterfaceOrientationPortraitUpsideDown UIInterfaceOrientationLandscapeLeft UIInterfaceOrientationLandscapeRight";
				INFOPLIST_KEY_UISupportedInterfaceOrientations_iPhone = "UIInterfaceOrientationPortrait UIInterfaceOrientationLandscapeLeft UIInterfaceOrientationLandscapeRight";
				LD_RUNPATH_SEARCH_PATHS = (
					"$(inherited)",
					"@executable_path/Frameworks",
				);
				MARKETING_VERSION = 1.0;
				PRODUCT_BUNDLE_IDENTIFIER = "za.co.nedBank.KidsBankingModule.MVVM-ProductDetails";
				PRODUCT_NAME = "$(TARGET_NAME)";
				SWIFT_EMIT_LOC_STRINGS = YES;
				SWIFT_VERSION = 5.0;
				TARGETED_DEVICE_FAMILY = "1,2";
			};
			name = Release;
		};
		9DACAE3E2BFE138000BA3DCA /* Debug */ = {
			isa = XCBuildConfiguration;
			buildSettings = {
				ALWAYS_EMBED_SWIFT_STANDARD_LIBRARIES = YES;
				BUNDLE_LOADER = "$(TEST_HOST)";
				CODE_SIGN_STYLE = Automatic;
				CURRENT_PROJECT_VERSION = 1;
				GENERATE_INFOPLIST_FILE = YES;
				IPHONEOS_DEPLOYMENT_TARGET = 17.2;
				MARKETING_VERSION = 1.0;
				PRODUCT_BUNDLE_IDENTIFIER = "za.co.nedBank.KidsBankingModule.MVVM-ProductDetailsTests";
				PRODUCT_NAME = "$(TARGET_NAME)";
				SWIFT_EMIT_LOC_STRINGS = NO;
				SWIFT_VERSION = 5.0;
				TARGETED_DEVICE_FAMILY = "1,2";
				TEST_HOST = "$(BUILT_PRODUCTS_DIR)/MVVM-ProductDetails.app/$(BUNDLE_EXECUTABLE_FOLDER_PATH)/MVVM-ProductDetails";
			};
			name = Debug;
		};
		9DACAE3F2BFE138000BA3DCA /* Release */ = {
			isa = XCBuildConfiguration;
			buildSettings = {
				ALWAYS_EMBED_SWIFT_STANDARD_LIBRARIES = YES;
				BUNDLE_LOADER = "$(TEST_HOST)";
				CODE_SIGN_STYLE = Automatic;
				CURRENT_PROJECT_VERSION = 1;
				GENERATE_INFOPLIST_FILE = YES;
				IPHONEOS_DEPLOYMENT_TARGET = 17.2;
				MARKETING_VERSION = 1.0;
				PRODUCT_BUNDLE_IDENTIFIER = "za.co.nedBank.KidsBankingModule.MVVM-ProductDetailsTests";
				PRODUCT_NAME = "$(TARGET_NAME)";
				SWIFT_EMIT_LOC_STRINGS = NO;
				SWIFT_VERSION = 5.0;
				TARGETED_DEVICE_FAMILY = "1,2";
				TEST_HOST = "$(BUILT_PRODUCTS_DIR)/MVVM-ProductDetails.app/$(BUNDLE_EXECUTABLE_FOLDER_PATH)/MVVM-ProductDetails";
			};
			name = Release;
		};
		9DACAE412BFE138000BA3DCA /* Debug */ = {
			isa = XCBuildConfiguration;
			buildSettings = {
				ALWAYS_EMBED_SWIFT_STANDARD_LIBRARIES = YES;
				CODE_SIGN_STYLE = Automatic;
				CURRENT_PROJECT_VERSION = 1;
				GENERATE_INFOPLIST_FILE = YES;
				MARKETING_VERSION = 1.0;
				PRODUCT_BUNDLE_IDENTIFIER = "za.co.nedBank.KidsBankingModule.MVVM-ProductDetailsUITests";
				PRODUCT_NAME = "$(TARGET_NAME)";
				SWIFT_EMIT_LOC_STRINGS = NO;
				SWIFT_VERSION = 5.0;
				TARGETED_DEVICE_FAMILY = "1,2";
				TEST_TARGET_NAME = "MVVM-ProductDetails";
			};
			name = Debug;
		};
		9DACAE422BFE138000BA3DCA /* Release */ = {
			isa = XCBuildConfiguration;
			buildSettings = {
				ALWAYS_EMBED_SWIFT_STANDARD_LIBRARIES = YES;
				CODE_SIGN_STYLE = Automatic;
				CURRENT_PROJECT_VERSION = 1;
				GENERATE_INFOPLIST_FILE = YES;
				MARKETING_VERSION = 1.0;
				PRODUCT_BUNDLE_IDENTIFIER = "za.co.nedBank.KidsBankingModule.MVVM-ProductDetailsUITests";
				PRODUCT_NAME = "$(TARGET_NAME)";
				SWIFT_EMIT_LOC_STRINGS = NO;
				SWIFT_VERSION = 5.0;
				TARGETED_DEVICE_FAMILY = "1,2";
				TEST_TARGET_NAME = "MVVM-ProductDetails";
			};
			name = Release;
		};
/* End XCBuildConfiguration section */

/* Begin XCConfigurationList section */
		9DACAE0B2BFE137E00BA3DCA /* Build configuration list for PBXProject "MVVM-ProductDetails" */ = {
			isa = XCConfigurationList;
			buildConfigurations = (
				9DACAE382BFE138000BA3DCA /* Debug */,
				9DACAE392BFE138000BA3DCA /* Release */,
			);
			defaultConfigurationIsVisible = 0;
			defaultConfigurationName = Release;
		};
		9DACAE3A2BFE138000BA3DCA /* Build configuration list for PBXNativeTarget "MVVM-ProductDetails" */ = {
			isa = XCConfigurationList;
			buildConfigurations = (
				9DACAE3B2BFE138000BA3DCA /* Debug */,
				9DACAE3C2BFE138000BA3DCA /* Release */,
			);
			defaultConfigurationIsVisible = 0;
			defaultConfigurationName = Release;
		};
		9DACAE3D2BFE138000BA3DCA /* Build configuration list for PBXNativeTarget "MVVM-ProductDetailsTests" */ = {
			isa = XCConfigurationList;
			buildConfigurations = (
				9DACAE3E2BFE138000BA3DCA /* Debug */,
				9DACAE3F2BFE138000BA3DCA /* Release */,
			);
			defaultConfigurationIsVisible = 0;
			defaultConfigurationName = Release;
		};
		9DACAE402BFE138000BA3DCA /* Build configuration list for PBXNativeTarget "MVVM-ProductDetailsUITests" */ = {
			isa = XCConfigurationList;
			buildConfigurations = (
				9DACAE412BFE138000BA3DCA /* Debug */,
				9DACAE422BFE138000BA3DCA /* Release */,
			);
			defaultConfigurationIsVisible = 0;
			defaultConfigurationName = Release;
		};
/* End XCConfigurationList section */

/* Begin XCRemoteSwiftPackageReference section */
		9DACAE602BFF45CE00BA3DCA /* XCRemoteSwiftPackageReference "Kingfisher" */ = {
			isa = XCRemoteSwiftPackageReference;
			repositoryURL = "https://github.com/onevcat/Kingfisher.git";
			requirement = {
				kind = upToNextMajorVersion;
				minimumVersion = 7.11.0;
			};
		};
/* End XCRemoteSwiftPackageReference section */

/* Begin XCSwiftPackageProductDependency section */
		9DACAE612BFF45CE00BA3DCA /* Kingfisher */ = {
			isa = XCSwiftPackageProductDependency;
			package = 9DACAE602BFF45CE00BA3DCA /* XCRemoteSwiftPackageReference "Kingfisher" */;
			productName = Kingfisher;
		};
/* End XCSwiftPackageProductDependency section */
	};
	rootObject = 9DACAE082BFE137E00BA3DCA /* Project object */;
}
