// !$*UTF8*$!
{
	archiveVersion = 1;
	classes = {
	};
	objectVersion = 56;
	objects = {

/* Begin PBXBuildFile section */
		9DE30C782C05B6430053E86C /* AppDelegate.swift in Sources */ = {isa = PBXBuildFile; fileRef = 9DE30C772C05B6430053E86C /* AppDelegate.swift */; };
		9DE30C7A2C05B6430053E86C /* SceneDelegate.swift in Sources */ = {isa = PBXBuildFile; fileRef = 9DE30C792C05B6430053E86C /* SceneDelegate.swift */; };
		9DE30C7C2C05B6430053E86C /* ViewController.swift in Sources */ = {isa = PBXBuildFile; fileRef = 9DE30C7B2C05B6430053E86C /* ViewController.swift */; };
		9DE30C7F2C05B6430053E86C /* Main.storyboard in Resources */ = {isa = PBXBuildFile; fileRef = 9DE30C7D2C05B6430053E86C /* Main.storyboard */; };
		9DE30C812C05B6450053E86C /* Assets.xcassets in Resources */ = {isa = PBXBuildFile; fileRef = 9DE30C802C05B6450053E86C /* Assets.xcassets */; };
		9DE30C842C05B6450053E86C /* LaunchScreen.storyboard in Resources */ = {isa = PBXBuildFile; fileRef = 9DE30C822C05B6450053E86C /* LaunchScreen.storyboard */; };
		9DE30C8F2C05B6460053E86C /* UnitTestCoverageExTests.swift in Sources */ = {isa = PBXBuildFile; fileRef = 9DE30C8E2C05B6460053E86C /* UnitTestCoverageExTests.swift */; };
		9DE30C992C05B6460053E86C /* UnitTestCoverageExUITests.swift in Sources */ = {isa = PBXBuildFile; fileRef = 9DE30C982C05B6460053E86C /* UnitTestCoverageExUITests.swift */; };
		9DE30C9B2C05B6460053E86C /* UnitTestCoverageExUITestsLaunchTests.swift in Sources */ = {isa = PBXBuildFile; fileRef = 9DE30C9A2C05B6460053E86C /* UnitTestCoverageExUITestsLaunchTests.swift */; };
/* End PBXBuildFile section */

/* Begin PBXContainerItemProxy section */
		9DE30C8B2C05B6460053E86C /* PBXContainerItemProxy */ = {
			isa = PBXContainerItemProxy;
			containerPortal = 9DE30C6C2C05B6430053E86C /* Project object */;
			proxyType = 1;
			remoteGlobalIDString = 9DE30C732C05B6430053E86C;
			remoteInfo = UnitTestCoverageEx;
		};
		9DE30C952C05B6460053E86C /* PBXContainerItemProxy */ = {
			isa = PBXContainerItemProxy;
			containerPortal = 9DE30C6C2C05B6430053E86C /* Project object */;
			proxyType = 1;
			remoteGlobalIDString = 9DE30C732C05B6430053E86C;
			remoteInfo = UnitTestCoverageEx;
		};
/* End PBXContainerItemProxy section */

/* Begin PBXFileReference section */
		9DE30C742C05B6430053E86C /* UnitTestCoverageEx.app */ = {isa = PBXFileReference; explicitFileType = wrapper.application; includeInIndex = 0; path = UnitTestCoverageEx.app; sourceTree = BUILT_PRODUCTS_DIR; };
		9DE30C772C05B6430053E86C /* AppDelegate.swift */ = {isa = PBXFileReference; lastKnownFileType = sourcecode.swift; path = AppDelegate.swift; sourceTree = "<group>"; };
		9DE30C792C05B6430053E86C /* SceneDelegate.swift */ = {isa = PBXFileReference; lastKnownFileType = sourcecode.swift; path = SceneDelegate.swift; sourceTree = "<group>"; };
		9DE30C7B2C05B6430053E86C /* ViewController.swift */ = {isa = PBXFileReference; lastKnownFileType = sourcecode.swift; path = ViewController.swift; sourceTree = "<group>"; };
		9DE30C7E2C05B6430053E86C /* Base */ = {isa = PBXFileReference; lastKnownFileType = file.storyboard; name = Base; path = Base.lproj/Main.storyboard; sourceTree = "<group>"; };
		9DE30C802C05B6450053E86C /* Assets.xcassets */ = {isa = PBXFileReference; lastKnownFileType = folder.assetcatalog; path = Assets.xcassets; sourceTree = "<group>"; };
		9DE30C832C05B6450053E86C /* Base */ = {isa = PBXFileReference; lastKnownFileType = file.storyboard; name = Base; path = Base.lproj/LaunchScreen.storyboard; sourceTree = "<group>"; };
		9DE30C852C05B6450053E86C /* Info.plist */ = {isa = PBXFileReference; lastKnownFileType = text.plist.xml; path = Info.plist; sourceTree = "<group>"; };
		9DE30C8A2C05B6460053E86C /* UnitTestCoverageExTests.xctest */ = {isa = PBXFileReference; explicitFileType = wrapper.cfbundle; includeInIndex = 0; path = UnitTestCoverageExTests.xctest; sourceTree = BUILT_PRODUCTS_DIR; };
		9DE30C8E2C05B6460053E86C /* UnitTestCoverageExTests.swift */ = {isa = PBXFileReference; lastKnownFileType = sourcecode.swift; path = UnitTestCoverageExTests.swift; sourceTree = "<group>"; };
		9DE30C942C05B6460053E86C /* UnitTestCoverageExUITests.xctest */ = {isa = PBXFileReference; explicitFileType = wrapper.cfbundle; includeInIndex = 0; path = UnitTestCoverageExUITests.xctest; sourceTree = BUILT_PRODUCTS_DIR; };
		9DE30C982C05B6460053E86C /* UnitTestCoverageExUITests.swift */ = {isa = PBXFileReference; lastKnownFileType = sourcecode.swift; path = UnitTestCoverageExUITests.swift; sourceTree = "<group>"; };
		9DE30C9A2C05B6460053E86C /* UnitTestCoverageExUITestsLaunchTests.swift */ = {isa = PBXFileReference; lastKnownFileType = sourcecode.swift; path = UnitTestCoverageExUITestsLaunchTests.swift; sourceTree = "<group>"; };
/* End PBXFileReference section */

/* Begin PBXFrameworksBuildPhase section */
		9DE30C712C05B6430053E86C /* Frameworks */ = {
			isa = PBXFrameworksBuildPhase;
			buildActionMask = 2147483647;
			files = (
			);
			runOnlyForDeploymentPostprocessing = 0;
		};
		9DE30C872C05B6460053E86C /* Frameworks */ = {
			isa = PBXFrameworksBuildPhase;
			buildActionMask = 2147483647;
			files = (
			);
			runOnlyForDeploymentPostprocessing = 0;
		};
		9DE30C912C05B6460053E86C /* Frameworks */ = {
			isa = PBXFrameworksBuildPhase;
			buildActionMask = 2147483647;
			files = (
			);
			runOnlyForDeploymentPostprocessing = 0;
		};
/* End PBXFrameworksBuildPhase section */

/* Begin PBXGroup section */
		9DE30C6B2C05B6430053E86C = {
			isa = PBXGroup;
			children = (
				9DE30C762C05B6430053E86C /* UnitTestCoverageEx */,
				9DE30C8D2C05B6460053E86C /* UnitTestCoverageExTests */,
				9DE30C972C05B6460053E86C /* UnitTestCoverageExUITests */,
				9DE30C752C05B6430053E86C /* Products */,
			);
			sourceTree = "<group>";
		};
		9DE30C752C05B6430053E86C /* Products */ = {
			isa = PBXGroup;
			children = (
				9DE30C742C05B6430053E86C /* UnitTestCoverageEx.app */,
				9DE30C8A2C05B6460053E86C /* UnitTestCoverageExTests.xctest */,
				9DE30C942C05B6460053E86C /* UnitTestCoverageExUITests.xctest */,
			);
			name = Products;
			sourceTree = "<group>";
		};
		9DE30C762C05B6430053E86C /* UnitTestCoverageEx */ = {
			isa = PBXGroup;
			children = (
				9DE30C772C05B6430053E86C /* AppDelegate.swift */,
				9DE30C792C05B6430053E86C /* SceneDelegate.swift */,
				9DE30C7B2C05B6430053E86C /* ViewController.swift */,
				9DE30C7D2C05B6430053E86C /* Main.storyboard */,
				9DE30C802C05B6450053E86C /* Assets.xcassets */,
				9DE30C822C05B6450053E86C /* LaunchScreen.storyboard */,
				9DE30C852C05B6450053E86C /* Info.plist */,
			);
			path = UnitTestCoverageEx;
			sourceTree = "<group>";
		};
		9DE30C8D2C05B6460053E86C /* UnitTestCoverageExTests */ = {
			isa = PBXGroup;
			children = (
				9DE30C8E2C05B6460053E86C /* UnitTestCoverageExTests.swift */,
			);
			path = UnitTestCoverageExTests;
			sourceTree = "<group>";
		};
		9DE30C972C05B6460053E86C /* UnitTestCoverageExUITests */ = {
			isa = PBXGroup;
			children = (
				9DE30C982C05B6460053E86C /* UnitTestCoverageExUITests.swift */,
				9DE30C9A2C05B6460053E86C /* UnitTestCoverageExUITestsLaunchTests.swift */,
			);
			path = UnitTestCoverageExUITests;
			sourceTree = "<group>";
		};
/* End PBXGroup section */

/* Begin PBXNativeTarget section */
		9DE30C732C05B6430053E86C /* UnitTestCoverageEx */ = {
			isa = PBXNativeTarget;
			buildConfigurationList = 9DE30C9E2C05B6460053E86C /* Build configuration list for PBXNativeTarget "UnitTestCoverageEx" */;
			buildPhases = (
				9DE30C702C05B6430053E86C /* Sources */,
				9DE30C712C05B6430053E86C /* Frameworks */,
				9DE30C722C05B6430053E86C /* Resources */,
			);
			buildRules = (
			);
			dependencies = (
			);
			name = UnitTestCoverageEx;
			productName = UnitTestCoverageEx;
			productReference = 9DE30C742C05B6430053E86C /* UnitTestCoverageEx.app */;
			productType = "com.apple.product-type.application";
		};
		9DE30C892C05B6460053E86C /* UnitTestCoverageExTests */ = {
			isa = PBXNativeTarget;
			buildConfigurationList = 9DE30CA12C05B6460053E86C /* Build configuration list for PBXNativeTarget "UnitTestCoverageExTests" */;
			buildPhases = (
				9DE30C862C05B6460053E86C /* Sources */,
				9DE30C872C05B6460053E86C /* Frameworks */,
				9DE30C882C05B6460053E86C /* Resources */,
			);
			buildRules = (
			);
			dependencies = (
				9DE30C8C2C05B6460053E86C /* PBXTargetDependency */,
			);
			name = UnitTestCoverageExTests;
			productName = UnitTestCoverageExTests;
			productReference = 9DE30C8A2C05B6460053E86C /* UnitTestCoverageExTests.xctest */;
			productType = "com.apple.product-type.bundle.unit-test";
		};
		9DE30C932C05B6460053E86C /* UnitTestCoverageExUITests */ = {
			isa = PBXNativeTarget;
			buildConfigurationList = 9DE30CA42C05B6460053E86C /* Build configuration list for PBXNativeTarget "UnitTestCoverageExUITests" */;
			buildPhases = (
				9DE30C902C05B6460053E86C /* Sources */,
				9DE30C912C05B6460053E86C /* Frameworks */,
				9DE30C922C05B6460053E86C /* Resources */,
			);
			buildRules = (
			);
			dependencies = (
				9DE30C962C05B6460053E86C /* PBXTargetDependency */,
			);
			name = UnitTestCoverageExUITests;
			productName = UnitTestCoverageExUITests;
			productReference = 9DE30C942C05B6460053E86C /* UnitTestCoverageExUITests.xctest */;
			productType = "com.apple.product-type.bundle.ui-testing";
		};
/* End PBXNativeTarget section */

/* Begin PBXProject section */
		9DE30C6C2C05B6430053E86C /* Project object */ = {
			isa = PBXProject;
			attributes = {
				BuildIndependentTargetsInParallel = 1;
				LastSwiftUpdateCheck = 1520;
				LastUpgradeCheck = 1520;
				TargetAttributes = {
					9DE30C732C05B6430053E86C = {
						CreatedOnToolsVersion = 15.2;
					};
					9DE30C892C05B6460053E86C = {
						CreatedOnToolsVersion = 15.2;
						TestTargetID = 9DE30C732C05B6430053E86C;
					};
					9DE30C932C05B6460053E86C = {
						CreatedOnToolsVersion = 15.2;
						TestTargetID = 9DE30C732C05B6430053E86C;
					};
				};
			};
			buildConfigurationList = 9DE30C6F2C05B6430053E86C /* Build configuration list for PBXProject "UnitTestCoverageEx" */;
			compatibilityVersion = "Xcode 14.0";
			developmentRegion = en;
			hasScannedForEncodings = 0;
			knownRegions = (
				en,
				Base,
			);
			mainGroup = 9DE30C6B2C05B6430053E86C;
			productRefGroup = 9DE30C752C05B6430053E86C /* Products */;
			projectDirPath = "";
			projectRoot = "";
			targets = (
				9DE30C732C05B6430053E86C /* UnitTestCoverageEx */,
				9DE30C892C05B6460053E86C /* UnitTestCoverageExTests */,
				9DE30C932C05B6460053E86C /* UnitTestCoverageExUITests */,
			);
		};
/* End PBXProject section */

/* Begin PBXResourcesBuildPhase section */
		9DE30C722C05B6430053E86C /* Resources */ = {
			isa = PBXResourcesBuildPhase;
			buildActionMask = 2147483647;
			files = (
				9DE30C842C05B6450053E86C /* LaunchScreen.storyboard in Resources */,
				9DE30C812C05B6450053E86C /* Assets.xcassets in Resources */,
				9DE30C7F2C05B6430053E86C /* Main.storyboard in Resources */,
			);
			runOnlyForDeploymentPostprocessing = 0;
		};
		9DE30C882C05B6460053E86C /* Resources */ = {
			isa = PBXResourcesBuildPhase;
			buildActionMask = 2147483647;
			files = (
			);
			runOnlyForDeploymentPostprocessing = 0;
		};
		9DE30C922C05B6460053E86C /* Resources */ = {
			isa = PBXResourcesBuildPhase;
			buildActionMask = 2147483647;
			files = (
			);
			runOnlyForDeploymentPostprocessing = 0;
		};
/* End PBXResourcesBuildPhase section */

/* Begin PBXSourcesBuildPhase section */
		9DE30C702C05B6430053E86C /* Sources */ = {
			isa = PBXSourcesBuildPhase;
			buildActionMask = 2147483647;
			files = (
				9DE30C7C2C05B6430053E86C /* ViewController.swift in Sources */,
				9DE30C782C05B6430053E86C /* AppDelegate.swift in Sources */,
				9DE30C7A2C05B6430053E86C /* SceneDelegate.swift in Sources */,
			);
			runOnlyForDeploymentPostprocessing = 0;
		};
		9DE30C862C05B6460053E86C /* Sources */ = {
			isa = PBXSourcesBuildPhase;
			buildActionMask = 2147483647;
			files = (
				9DE30C8F2C05B6460053E86C /* UnitTestCoverageExTests.swift in Sources */,
			);
			runOnlyForDeploymentPostprocessing = 0;
		};
		9DE30C902C05B6460053E86C /* Sources */ = {
			isa = PBXSourcesBuildPhase;
			buildActionMask = 2147483647;
			files = (
				9DE30C992C05B6460053E86C /* UnitTestCoverageExUITests.swift in Sources */,
				9DE30C9B2C05B6460053E86C /* UnitTestCoverageExUITestsLaunchTests.swift in Sources */,
			);
			runOnlyForDeploymentPostprocessing = 0;
		};
/* End PBXSourcesBuildPhase section */

/* Begin PBXTargetDependency section */
		9DE30C8C2C05B6460053E86C /* PBXTargetDependency */ = {
			isa = PBXTargetDependency;
			target = 9DE30C732C05B6430053E86C /* UnitTestCoverageEx */;
			targetProxy = 9DE30C8B2C05B6460053E86C /* PBXContainerItemProxy */;
		};
		9DE30C962C05B6460053E86C /* PBXTargetDependency */ = {
			isa = PBXTargetDependency;
			target = 9DE30C732C05B6430053E86C /* UnitTestCoverageEx */;
			targetProxy = 9DE30C952C05B6460053E86C /* PBXContainerItemProxy */;
		};
/* End PBXTargetDependency section */

/* Begin PBXVariantGroup section */
		9DE30C7D2C05B6430053E86C /* Main.storyboard */ = {
			isa = PBXVariantGroup;
			children = (
				9DE30C7E2C05B6430053E86C /* Base */,
			);
			name = Main.storyboard;
			sourceTree = "<group>";
		};
		9DE30C822C05B6450053E86C /* LaunchScreen.storyboard */ = {
			isa = PBXVariantGroup;
			children = (
				9DE30C832C05B6450053E86C /* Base */,
			);
			name = LaunchScreen.storyboard;
			sourceTree = "<group>";
		};
/* End PBXVariantGroup section */

/* Begin XCBuildConfiguration section */
		9DE30C9C2C05B6460053E86C /* Debug */ = {
			isa = XCBuildConfiguration;
			buildSettings = {
				ALWAYS_SEARCH_USER_PATHS = NO;
				ASSETCATALOG_COMPILER_GENERATE_SWIFT_ASSET_SYMBOL_EXTENSIONS = YES;
				CLANG_ANALYZER_NONNULL = YES;
				CLANG_ANALYZER_NUMBER_OBJECT_CONVERSION = YES_AGGRESSIVE;
				CLANG_CXX_LANGUAGE_STANDARD = "gnu++20";
				CLANG_ENABLE_MODULES = YES;
				CLANG_ENABLE_OBJC_ARC = YES;
				CLANG_ENABLE_OBJC_WEAK = YES;
				CLANG_WARN_BLOCK_CAPTURE_AUTORELEASING = YES;
				CLANG_WARN_BOOL_CONVERSION = YES;
				CLANG_WARN_COMMA = YES;
				CLANG_WARN_CONSTANT_CONVERSION = YES;
				CLANG_WARN_DEPRECATED_OBJC_IMPLEMENTATIONS = YES;
				CLANG_WARN_DIRECT_OBJC_ISA_USAGE = YES_ERROR;
				CLANG_WARN_DOCUMENTATION_COMMENTS = YES;
				CLANG_WARN_EMPTY_BODY = YES;
				CLANG_WARN_ENUM_CONVERSION = YES;
				CLANG_WARN_INFINITE_RECURSION = YES;
				CLANG_WARN_INT_CONVERSION = YES;
				CLANG_WARN_NON_LITERAL_NULL_CONVERSION = YES;
				CLANG_WARN_OBJC_IMPLICIT_RETAIN_SELF = YES;
				CLANG_WARN_OBJC_LITERAL_CONVERSION = YES;
				CLANG_WARN_OBJC_ROOT_CLASS = YES_ERROR;
				CLANG_WARN_QUOTED_INCLUDE_IN_FRAMEWORK_HEADER = YES;
				CLANG_WARN_RANGE_LOOP_ANALYSIS = YES;
				CLANG_WARN_STRICT_PROTOTYPES = YES;
				CLANG_WARN_SUSPICIOUS_MOVE = YES;
				CLANG_WARN_UNGUARDED_AVAILABILITY = YES_AGGRESSIVE;
				CLANG_WARN_UNREACHABLE_CODE = YES;
				CLANG_WARN__DUPLICATE_METHOD_MATCH = YES;
				COPY_PHASE_STRIP = NO;
				DEBUG_INFORMATION_FORMAT = dwarf;
				ENABLE_STRICT_OBJC_MSGSEND = YES;
				ENABLE_TESTABILITY = YES;
				ENABLE_USER_SCRIPT_SANDBOXING = YES;
				GCC_C_LANGUAGE_STANDARD = gnu17;
				GCC_DYNAMIC_NO_PIC = NO;
				GCC_NO_COMMON_BLOCKS = YES;
				GCC_OPTIMIZATION_LEVEL = 0;
				GCC_PREPROCESSOR_DEFINITIONS = (
					"DEBUG=1",
					"$(inherited)",
				);
				GCC_WARN_64_TO_32_BIT_CONVERSION = YES;
				GCC_WARN_ABOUT_RETURN_TYPE = YES_ERROR;
				GCC_WARN_UNDECLARED_SELECTOR = YES;
				GCC_WARN_UNINITIALIZED_AUTOS = YES_AGGRESSIVE;
				GCC_WARN_UNUSED_FUNCTION = YES;
				GCC_WARN_UNUSED_VARIABLE = YES;
				IPHONEOS_DEPLOYMENT_TARGET = 17.2;
				LOCALIZATION_PREFERS_STRING_CATALOGS = YES;
				MTL_ENABLE_DEBUG_INFO = INCLUDE_SOURCE;
				MTL_FAST_MATH = YES;
				ONLY_ACTIVE_ARCH = YES;
				SDKROOT = iphoneos;
				SWIFT_ACTIVE_COMPILATION_CONDITIONS = "DEBUG $(inherited)";
				SWIFT_OPTIMIZATION_LEVEL = "-Onone";
			};
			name = Debug;
		};
		9DE30C9D2C05B6460053E86C /* Release */ = {
			isa = XCBuildConfiguration;
			buildSettings = {
				ALWAYS_SEARCH_USER_PATHS = NO;
				ASSETCATALOG_COMPILER_GENERATE_SWIFT_ASSET_SYMBOL_EXTENSIONS = YES;
				CLANG_ANALYZER_NONNULL = YES;
				CLANG_ANALYZER_NUMBER_OBJECT_CONVERSION = YES_AGGRESSIVE;
				CLANG_CXX_LANGUAGE_STANDARD = "gnu++20";
				CLANG_ENABLE_MODULES = YES;
				CLANG_ENABLE_OBJC_ARC = YES;
				CLANG_ENABLE_OBJC_WEAK = YES;
				CLANG_WARN_BLOCK_CAPTURE_AUTORELEASING = YES;
				CLANG_WARN_BOOL_CONVERSION = YES;
				CLANG_WARN_COMMA = YES;
				CLANG_WARN_CONSTANT_CONVERSION = YES;
				CLANG_WARN_DEPRECATED_OBJC_IMPLEMENTATIONS = YES;
				CLANG_WARN_DIRECT_OBJC_ISA_USAGE = YES_ERROR;
				CLANG_WARN_DOCUMENTATION_COMMENTS = YES;
				CLANG_WARN_EMPTY_BODY = YES;
				CLANG_WARN_ENUM_CONVERSION = YES;
				CLANG_WARN_INFINITE_RECURSION = YES;
				CLANG_WARN_INT_CONVERSION = YES;
				CLANG_WARN_NON_LITERAL_NULL_CONVERSION = YES;
				CLANG_WARN_OBJC_IMPLICIT_RETAIN_SELF = YES;
				CLANG_WARN_OBJC_LITERAL_CONVERSION = YES;
				CLANG_WARN_OBJC_ROOT_CLASS = YES_ERROR;
				CLANG_WARN_QUOTED_INCLUDE_IN_FRAMEWORK_HEADER = YES;
				CLANG_WARN_RANGE_LOOP_ANALYSIS = YES;
				CLANG_WARN_STRICT_PROTOTYPES = YES;
				CLANG_WARN_SUSPICIOUS_MOVE = YES;
				CLANG_WARN_UNGUARDED_AVAILABILITY = YES_AGGRESSIVE;
				CLANG_WARN_UNREACHABLE_CODE = YES;
				CLANG_WARN__DUPLICATE_METHOD_MATCH = YES;
				COPY_PHASE_STRIP = NO;
				DEBUG_INFORMATION_FORMAT = "dwarf-with-dsym";
				ENABLE_NS_ASSERTIONS = NO;
				ENABLE_STRICT_OBJC_MSGSEND = YES;
				ENABLE_USER_SCRIPT_SANDBOXING = YES;
				GCC_C_LANGUAGE_STANDARD = gnu17;
				GCC_NO_COMMON_BLOCKS = YES;
				GCC_WARN_64_TO_32_BIT_CONVERSION = YES;
				GCC_WARN_ABOUT_RETURN_TYPE = YES_ERROR;
				GCC_WARN_UNDECLARED_SELECTOR = YES;
				GCC_WARN_UNINITIALIZED_AUTOS = YES_AGGRESSIVE;
				GCC_WARN_UNUSED_FUNCTION = YES;
				GCC_WARN_UNUSED_VARIABLE = YES;
				IPHONEOS_DEPLOYMENT_TARGET = 17.2;
				LOCALIZATION_PREFERS_STRING_CATALOGS = YES;
				MTL_ENABLE_DEBUG_INFO = NO;
				MTL_FAST_MATH = YES;
				SDKROOT = iphoneos;
				SWIFT_COMPILATION_MODE = wholemodule;
				VALIDATE_PRODUCT = YES;
			};
			name = Release;
		};
		9DE30C9F2C05B6460053E86C /* Debug */ = {
			isa = XCBuildConfiguration;
			buildSettings = {
				ASSETCATALOG_COMPILER_APPICON_NAME = AppIcon;
				ASSETCATALOG_COMPILER_GLOBAL_ACCENT_COLOR_NAME = AccentColor;
				CODE_SIGN_STYLE = Automatic;
				CURRENT_PROJECT_VERSION = 1;
				GENERATE_INFOPLIST_FILE = YES;
				INFOPLIST_FILE = UnitTestCoverageEx/Info.plist;
				INFOPLIST_KEY_UIApplicationSupportsIndirectInputEvents = YES;
				INFOPLIST_KEY_UILaunchStoryboardName = LaunchScreen;
				INFOPLIST_KEY_UIMainStoryboardFile = Main;
				INFOPLIST_KEY_UISupportedInterfaceOrientations_iPad = "UIInterfaceOrientationPortrait UIInterfaceOrientationPortraitUpsideDown UIInterfaceOrientationLandscapeLeft UIInterfaceOrientationLandscapeRight";
				INFOPLIST_KEY_UISupportedInterfaceOrientations_iPhone = "UIInterfaceOrientationPortrait UIInterfaceOrientationLandscapeLeft UIInterfaceOrientationLandscapeRight";
				LD_RUNPATH_SEARCH_PATHS = (
					"$(inherited)",
					"@executable_path/Frameworks",
				);
				MARKETING_VERSION = 1.0;
				PRODUCT_BUNDLE_IDENTIFIER = za.co.nedBank.KidsBankingModule.UnitTestCoverageEx;
				PRODUCT_NAME = "$(TARGET_NAME)";
				SWIFT_EMIT_LOC_STRINGS = YES;
				SWIFT_VERSION = 5.0;
				TARGETED_DEVICE_FAMILY = "1,2";
			};
			name = Debug;
		};
		9DE30CA02C05B6460053E86C /* Release */ = {
			isa = XCBuildConfiguration;
			buildSettings = {
				ASSETCATALOG_COMPILER_APPICON_NAME = AppIcon;
				ASSETCATALOG_COMPILER_GLOBAL_ACCENT_COLOR_NAME = AccentColor;
				CODE_SIGN_STYLE = Automatic;
				CURRENT_PROJECT_VERSION = 1;
				GENERATE_INFOPLIST_FILE = YES;
				INFOPLIST_FILE = UnitTestCoverageEx/Info.plist;
				INFOPLIST_KEY_UIApplicationSupportsIndirectInputEvents = YES;
				INFOPLIST_KEY_UILaunchStoryboardName = LaunchScreen;
				INFOPLIST_KEY_UIMainStoryboardFile = Main;
				INFOPLIST_KEY_UISupportedInterfaceOrientations_iPad = "UIInterfaceOrientationPortrait UIInterfaceOrientationPortraitUpsideDown UIInterfaceOrientationLandscapeLeft UIInterfaceOrientationLandscapeRight";
				INFOPLIST_KEY_UISupportedInterfaceOrientations_iPhone = "UIInterfaceOrientationPortrait UIInterfaceOrientationLandscapeLeft UIInterfaceOrientationLandscapeRight";
				LD_RUNPATH_SEARCH_PATHS = (
					"$(inherited)",
					"@executable_path/Frameworks",
				);
				MARKETING_VERSION = 1.0;
				PRODUCT_BUNDLE_IDENTIFIER = za.co.nedBank.KidsBankingModule.UnitTestCoverageEx;
				PRODUCT_NAME = "$(TARGET_NAME)";
				SWIFT_EMIT_LOC_STRINGS = YES;
				SWIFT_VERSION = 5.0;
				TARGETED_DEVICE_FAMILY = "1,2";
			};
			name = Release;
		};
		9DE30CA22C05B6460053E86C /* Debug */ = {
			isa = XCBuildConfiguration;
			buildSettings = {
				ALWAYS_EMBED_SWIFT_STANDARD_LIBRARIES = YES;
				BUNDLE_LOADER = "$(TEST_HOST)";
				CODE_SIGN_STYLE = Automatic;
				CURRENT_PROJECT_VERSION = 1;
				GENERATE_INFOPLIST_FILE = YES;
				IPHONEOS_DEPLOYMENT_TARGET = 17.2;
				MARKETING_VERSION = 1.0;
				PRODUCT_BUNDLE_IDENTIFIER = za.co.nedBank.KidsBankingModule.UnitTestCoverageExTests;
				PRODUCT_NAME = "$(TARGET_NAME)";
				SWIFT_EMIT_LOC_STRINGS = NO;
				SWIFT_VERSION = 5.0;
				TARGETED_DEVICE_FAMILY = "1,2";
				TEST_HOST = "$(BUILT_PRODUCTS_DIR)/UnitTestCoverageEx.app/$(BUNDLE_EXECUTABLE_FOLDER_PATH)/UnitTestCoverageEx";
			};
			name = Debug;
		};
		9DE30CA32C05B6460053E86C /* Release */ = {
			isa = XCBuildConfiguration;
			buildSettings = {
				ALWAYS_EMBED_SWIFT_STANDARD_LIBRARIES = YES;
				BUNDLE_LOADER = "$(TEST_HOST)";
				CODE_SIGN_STYLE = Automatic;
				CURRENT_PROJECT_VERSION = 1;
				GENERATE_INFOPLIST_FILE = YES;
				IPHONEOS_DEPLOYMENT_TARGET = 17.2;
				MARKETING_VERSION = 1.0;
				PRODUCT_BUNDLE_IDENTIFIER = za.co.nedBank.KidsBankingModule.UnitTestCoverageExTests;
				PRODUCT_NAME = "$(TARGET_NAME)";
				SWIFT_EMIT_LOC_STRINGS = NO;
				SWIFT_VERSION = 5.0;
				TARGETED_DEVICE_FAMILY = "1,2";
				TEST_HOST = "$(BUILT_PRODUCTS_DIR)/UnitTestCoverageEx.app/$(BUNDLE_EXECUTABLE_FOLDER_PATH)/UnitTestCoverageEx";
			};
			name = Release;
		};
		9DE30CA52C05B6460053E86C /* Debug */ = {
			isa = XCBuildConfiguration;
			buildSettings = {
				ALWAYS_EMBED_SWIFT_STANDARD_LIBRARIES = YES;
				CODE_SIGN_STYLE = Automatic;
				CURRENT_PROJECT_VERSION = 1;
				GENERATE_INFOPLIST_FILE = YES;
				MARKETING_VERSION = 1.0;
				PRODUCT_BUNDLE_IDENTIFIER = za.co.nedBank.KidsBankingModule.UnitTestCoverageExUITests;
				PRODUCT_NAME = "$(TARGET_NAME)";
				SWIFT_EMIT_LOC_STRINGS = NO;
				SWIFT_VERSION = 5.0;
				TARGETED_DEVICE_FAMILY = "1,2";
				TEST_TARGET_NAME = UnitTestCoverageEx;
			};
			name = Debug;
		};
		9DE30CA62C05B6460053E86C /* Release */ = {
			isa = XCBuildConfiguration;
			buildSettings = {
				ALWAYS_EMBED_SWIFT_STANDARD_LIBRARIES = YES;
				CODE_SIGN_STYLE = Automatic;
				CURRENT_PROJECT_VERSION = 1;
				GENERATE_INFOPLIST_FILE = YES;
				MARKETING_VERSION = 1.0;
				PRODUCT_BUNDLE_IDENTIFIER = za.co.nedBank.KidsBankingModule.UnitTestCoverageExUITests;
				PRODUCT_NAME = "$(TARGET_NAME)";
				SWIFT_EMIT_LOC_STRINGS = NO;
				SWIFT_VERSION = 5.0;
				TARGETED_DEVICE_FAMILY = "1,2";
				TEST_TARGET_NAME = UnitTestCoverageEx;
			};
			name = Release;
		};
/* End XCBuildConfiguration section */

/* Begin XCConfigurationList section */
		9DE30C6F2C05B6430053E86C /* Build configuration list for PBXProject "UnitTestCoverageEx" */ = {
			isa = XCConfigurationList;
			buildConfigurations = (
				9DE30C9C2C05B6460053E86C /* Debug */,
				9DE30C9D2C05B6460053E86C /* Release */,
			);
			defaultConfigurationIsVisible = 0;
			defaultConfigurationName = Release;
		};
		9DE30C9E2C05B6460053E86C /* Build configuration list for PBXNativeTarget "UnitTestCoverageEx" */ = {
			isa = XCConfigurationList;
			buildConfigurations = (
				9DE30C9F2C05B6460053E86C /* Debug */,
				9DE30CA02C05B6460053E86C /* Release */,
			);
			defaultConfigurationIsVisible = 0;
			defaultConfigurationName = Release;
		};
		9DE30CA12C05B6460053E86C /* Build configuration list for PBXNativeTarget "UnitTestCoverageExTests" */ = {
			isa = XCConfigurationList;
			buildConfigurations = (
				9DE30CA22C05B6460053E86C /* Debug */,
				9DE30CA32C05B6460053E86C /* Release */,
			);
			defaultConfigurationIsVisible = 0;
			defaultConfigurationName = Release;
		};
		9DE30CA42C05B6460053E86C /* Build configuration list for PBXNativeTarget "UnitTestCoverageExUITests" */ = {
			isa = XCConfigurationList;
			buildConfigurations = (
				9DE30CA52C05B6460053E86C /* Debug */,
				9DE30CA62C05B6460053E86C /* Release */,
			);
			defaultConfigurationIsVisible = 0;
			defaultConfigurationName = Release;
		};
/* End XCConfigurationList section */
	};
	rootObject = 9DE30C6C2C05B6430053E86C /* Project object */;
}
