// !$*UTF8*$!
{
	archiveVersion = 1;
	classes = {
	};
	objectVersion = 56;
	objects = {

/* Begin PBXBuildFile section */
		9DACAE722BFF7BEB00BA3DCA /* AppDelegate.swift in Sources */ = {isa = PBXBuildFile; fileRef = 9DACAE712BFF7BEB00BA3DCA /* AppDelegate.swift */; };
		9DACAE742BFF7BEB00BA3DCA /* SceneDelegate.swift in Sources */ = {isa = PBXBuildFile; fileRef = 9DACAE732BFF7BEB00BA3DCA /* SceneDelegate.swift */; };
		9DACAE762BFF7BEB00BA3DCA /* ViewController.swift in Sources */ = {isa = PBXBuildFile; fileRef = 9DACAE752BFF7BEB00BA3DCA /* ViewController.swift */; };
		9DACAE792BFF7BEB00BA3DCA /* Main.storyboard in Resources */ = {isa = PBXBuildFile; fileRef = 9DACAE772BFF7BEB00BA3DCA /* Main.storyboard */; };
		9DACAE7B2BFF7BEE00BA3DCA /* Assets.xcassets in Resources */ = {isa = PBXBuildFile; fileRef = 9DACAE7A2BFF7BEE00BA3DCA /* Assets.xcassets */; };
		9DACAE7E2BFF7BEE00BA3DCA /* LaunchScreen.storyboard in Resources */ = {isa = PBXBuildFile; fileRef = 9DACAE7C2BFF7BEE00BA3DCA /* LaunchScreen.storyboard */; };
		9DACAE892BFF7BEE00BA3DCA /* CoreDataSampleTests.swift in Sources */ = {isa = PBXBuildFile; fileRef = 9DACAE882BFF7BEE00BA3DCA /* CoreDataSampleTests.swift */; };
		9DACAE932BFF7BEE00BA3DCA /* CoreDataSampleUITests.swift in Sources */ = {isa = PBXBuildFile; fileRef = 9DACAE922BFF7BEE00BA3DCA /* CoreDataSampleUITests.swift */; };
		9DACAE952BFF7BEE00BA3DCA /* CoreDataSampleUITestsLaunchTests.swift in Sources */ = {isa = PBXBuildFile; fileRef = 9DACAE942BFF7BEE00BA3DCA /* CoreDataSampleUITestsLaunchTests.swift */; };
/* End PBXBuildFile section */

/* Begin PBXContainerItemProxy section */
		9DACAE852BFF7BEE00BA3DCA /* PBXContainerItemProxy */ = {
			isa = PBXContainerItemProxy;
			containerPortal = 9DACAE662BFF7BEB00BA3DCA /* Project object */;
			proxyType = 1;
			remoteGlobalIDString = 9DACAE6D2BFF7BEB00BA3DCA;
			remoteInfo = CoreDataSample;
		};
		9DACAE8F2BFF7BEE00BA3DCA /* PBXContainerItemProxy */ = {
			isa = PBXContainerItemProxy;
			containerPortal = 9DACAE662BFF7BEB00BA3DCA /* Project object */;
			proxyType = 1;
			remoteGlobalIDString = 9DACAE6D2BFF7BEB00BA3DCA;
			remoteInfo = CoreDataSample;
		};
/* End PBXContainerItemProxy section */

/* Begin PBXFileReference section */
		9DACAE6E2BFF7BEB00BA3DCA /* CoreDataSample.app */ = {isa = PBXFileReference; explicitFileType = wrapper.application; includeInIndex = 0; path = CoreDataSample.app; sourceTree = BUILT_PRODUCTS_DIR; };
		9DACAE712BFF7BEB00BA3DCA /* AppDelegate.swift */ = {isa = PBXFileReference; lastKnownFileType = sourcecode.swift; path = AppDelegate.swift; sourceTree = "<group>"; };
		9DACAE732BFF7BEB00BA3DCA /* SceneDelegate.swift */ = {isa = PBXFileReference; lastKnownFileType = sourcecode.swift; path = SceneDelegate.swift; sourceTree = "<group>"; };
		9DACAE752BFF7BEB00BA3DCA /* ViewController.swift */ = {isa = PBXFileReference; lastKnownFileType = sourcecode.swift; path = ViewController.swift; sourceTree = "<group>"; };
		9DACAE782BFF7BEB00BA3DCA /* Base */ = {isa = PBXFileReference; lastKnownFileType = file.storyboard; name = Base; path = Base.lproj/Main.storyboard; sourceTree = "<group>"; };
		9DACAE7A2BFF7BEE00BA3DCA /* Assets.xcassets */ = {isa = PBXFileReference; lastKnownFileType = folder.assetcatalog; path = Assets.xcassets; sourceTree = "<group>"; };
		9DACAE7D2BFF7BEE00BA3DCA /* Base */ = {isa = PBXFileReference; lastKnownFileType = file.storyboard; name = Base; path = Base.lproj/LaunchScreen.storyboard; sourceTree = "<group>"; };
		9DACAE7F2BFF7BEE00BA3DCA /* Info.plist */ = {isa = PBXFileReference; lastKnownFileType = text.plist.xml; path = Info.plist; sourceTree = "<group>"; };
		9DACAE842BFF7BEE00BA3DCA /* CoreDataSampleTests.xctest */ = {isa = PBXFileReference; explicitFileType = wrapper.cfbundle; includeInIndex = 0; path = CoreDataSampleTests.xctest; sourceTree = BUILT_PRODUCTS_DIR; };
		9DACAE882BFF7BEE00BA3DCA /* CoreDataSampleTests.swift */ = {isa = PBXFileReference; lastKnownFileType = sourcecode.swift; path = CoreDataSampleTests.swift; sourceTree = "<group>"; };
		9DACAE8E2BFF7BEE00BA3DCA /* CoreDataSampleUITests.xctest */ = {isa = PBXFileReference; explicitFileType = wrapper.cfbundle; includeInIndex = 0; path = CoreDataSampleUITests.xctest; sourceTree = BUILT_PRODUCTS_DIR; };
		9DACAE922BFF7BEE00BA3DCA /* CoreDataSampleUITests.swift */ = {isa = PBXFileReference; lastKnownFileType = sourcecode.swift; path = CoreDataSampleUITests.swift; sourceTree = "<group>"; };
		9DACAE942BFF7BEE00BA3DCA /* CoreDataSampleUITestsLaunchTests.swift */ = {isa = PBXFileReference; lastKnownFileType = sourcecode.swift; path = CoreDataSampleUITestsLaunchTests.swift; sourceTree = "<group>"; };
/* End PBXFileReference section */

/* Begin PBXFrameworksBuildPhase section */
		9DACAE6B2BFF7BEB00BA3DCA /* Frameworks */ = {
			isa = PBXFrameworksBuildPhase;
			buildActionMask = 2147483647;
			files = (
			);
			runOnlyForDeploymentPostprocessing = 0;
		};
		9DACAE812BFF7BEE00BA3DCA /* Frameworks */ = {
			isa = PBXFrameworksBuildPhase;
			buildActionMask = 2147483647;
			files = (
			);
			runOnlyForDeploymentPostprocessing = 0;
		};
		9DACAE8B2BFF7BEE00BA3DCA /* Frameworks */ = {
			isa = PBXFrameworksBuildPhase;
			buildActionMask = 2147483647;
			files = (
			);
			runOnlyForDeploymentPostprocessing = 0;
		};
/* End PBXFrameworksBuildPhase section */

/* Begin PBXGroup section */
		9DACAE652BFF7BEB00BA3DCA = {
			isa = PBXGroup;
			children = (
				9DACAE702BFF7BEB00BA3DCA /* CoreDataSample */,
				9DACAE872BFF7BEE00BA3DCA /* CoreDataSampleTests */,
				9DACAE912BFF7BEE00BA3DCA /* CoreDataSampleUITests */,
				9DACAE6F2BFF7BEB00BA3DCA /* Products */,
			);
			sourceTree = "<group>";
		};
		9DACAE6F2BFF7BEB00BA3DCA /* Products */ = {
			isa = PBXGroup;
			children = (
				9DACAE6E2BFF7BEB00BA3DCA /* CoreDataSample.app */,
				9DACAE842BFF7BEE00BA3DCA /* CoreDataSampleTests.xctest */,
				9DACAE8E2BFF7BEE00BA3DCA /* CoreDataSampleUITests.xctest */,
			);
			name = Products;
			sourceTree = "<group>";
		};
		9DACAE702BFF7BEB00BA3DCA /* CoreDataSample */ = {
			isa = PBXGroup;
			children = (
				9DACAE712BFF7BEB00BA3DCA /* AppDelegate.swift */,
				9DACAE732BFF7BEB00BA3DCA /* SceneDelegate.swift */,
				9DACAE752BFF7BEB00BA3DCA /* ViewController.swift */,
				9DACAE772BFF7BEB00BA3DCA /* Main.storyboard */,
				9DACAE7A2BFF7BEE00BA3DCA /* Assets.xcassets */,
				9DACAE7C2BFF7BEE00BA3DCA /* LaunchScreen.storyboard */,
				9DACAE7F2BFF7BEE00BA3DCA /* Info.plist */,
			);
			path = CoreDataSample;
			sourceTree = "<group>";
		};
		9DACAE872BFF7BEE00BA3DCA /* CoreDataSampleTests */ = {
			isa = PBXGroup;
			children = (
				9DACAE882BFF7BEE00BA3DCA /* CoreDataSampleTests.swift */,
			);
			path = CoreDataSampleTests;
			sourceTree = "<group>";
		};
		9DACAE912BFF7BEE00BA3DCA /* CoreDataSampleUITests */ = {
			isa = PBXGroup;
			children = (
				9DACAE922BFF7BEE00BA3DCA /* CoreDataSampleUITests.swift */,
				9DACAE942BFF7BEE00BA3DCA /* CoreDataSampleUITestsLaunchTests.swift */,
			);
			path = CoreDataSampleUITests;
			sourceTree = "<group>";
		};
/* End PBXGroup section */

/* Begin PBXNativeTarget section */
		9DACAE6D2BFF7BEB00BA3DCA /* CoreDataSample */ = {
			isa = PBXNativeTarget;
			buildConfigurationList = 9DACAE982BFF7BEE00BA3DCA /* Build configuration list for PBXNativeTarget "CoreDataSample" */;
			buildPhases = (
				9DACAE6A2BFF7BEB00BA3DCA /* Sources */,
				9DACAE6B2BFF7BEB00BA3DCA /* Frameworks */,
				9DACAE6C2BFF7BEB00BA3DCA /* Resources */,
			);
			buildRules = (
			);
			dependencies = (
			);
			name = CoreDataSample;
			productName = CoreDataSample;
			productReference = 9DACAE6E2BFF7BEB00BA3DCA /* CoreDataSample.app */;
			productType = "com.apple.product-type.application";
		};
		9DACAE832BFF7BEE00BA3DCA /* CoreDataSampleTests */ = {
			isa = PBXNativeTarget;
			buildConfigurationList = 9DACAE9B2BFF7BEE00BA3DCA /* Build configuration list for PBXNativeTarget "CoreDataSampleTests" */;
			buildPhases = (
				9DACAE802BFF7BEE00BA3DCA /* Sources */,
				9DACAE812BFF7BEE00BA3DCA /* Frameworks */,
				9DACAE822BFF7BEE00BA3DCA /* Resources */,
			);
			buildRules = (
			);
			dependencies = (
				9DACAE862BFF7BEE00BA3DCA /* PBXTargetDependency */,
			);
			name = CoreDataSampleTests;
			productName = CoreDataSampleTests;
			productReference = 9DACAE842BFF7BEE00BA3DCA /* CoreDataSampleTests.xctest */;
			productType = "com.apple.product-type.bundle.unit-test";
		};
		9DACAE8D2BFF7BEE00BA3DCA /* CoreDataSampleUITests */ = {
			isa = PBXNativeTarget;
			buildConfigurationList = 9DACAE9E2BFF7BEE00BA3DCA /* Build configuration list for PBXNativeTarget "CoreDataSampleUITests" */;
			buildPhases = (
				9DACAE8A2BFF7BEE00BA3DCA /* Sources */,
				9DACAE8B2BFF7BEE00BA3DCA /* Frameworks */,
				9DACAE8C2BFF7BEE00BA3DCA /* Resources */,
			);
			buildRules = (
			);
			dependencies = (
				9DACAE902BFF7BEE00BA3DCA /* PBXTargetDependency */,
			);
			name = CoreDataSampleUITests;
			productName = CoreDataSampleUITests;
			productReference = 9DACAE8E2BFF7BEE00BA3DCA /* CoreDataSampleUITests.xctest */;
			productType = "com.apple.product-type.bundle.ui-testing";
		};
/* End PBXNativeTarget section */

/* Begin PBXProject section */
		9DACAE662BFF7BEB00BA3DCA /* Project object */ = {
			isa = PBXProject;
			attributes = {
				BuildIndependentTargetsInParallel = 1;
				LastSwiftUpdateCheck = 1520;
				LastUpgradeCheck = 1520;
				TargetAttributes = {
					9DACAE6D2BFF7BEB00BA3DCA = {
						CreatedOnToolsVersion = 15.2;
					};
					9DACAE832BFF7BEE00BA3DCA = {
						CreatedOnToolsVersion = 15.2;
						TestTargetID = 9DACAE6D2BFF7BEB00BA3DCA;
					};
					9DACAE8D2BFF7BEE00BA3DCA = {
						CreatedOnToolsVersion = 15.2;
						TestTargetID = 9DACAE6D2BFF7BEB00BA3DCA;
					};
				};
			};
			buildConfigurationList = 9DACAE692BFF7BEB00BA3DCA /* Build configuration list for PBXProject "CoreDataSample" */;
			compatibilityVersion = "Xcode 14.0";
			developmentRegion = en;
			hasScannedForEncodings = 0;
			knownRegions = (
				en,
				Base,
			);
			mainGroup = 9DACAE652BFF7BEB00BA3DCA;
			productRefGroup = 9DACAE6F2BFF7BEB00BA3DCA /* Products */;
			projectDirPath = "";
			projectRoot = "";
			targets = (
				9DACAE6D2BFF7BEB00BA3DCA /* CoreDataSample */,
				9DACAE832BFF7BEE00BA3DCA /* CoreDataSampleTests */,
				9DACAE8D2BFF7BEE00BA3DCA /* CoreDataSampleUITests */,
			);
		};
/* End PBXProject section */

/* Begin PBXResourcesBuildPhase section */
		9DACAE6C2BFF7BEB00BA3DCA /* Resources */ = {
			isa = PBXResourcesBuildPhase;
			buildActionMask = 2147483647;
			files = (
				9DACAE7E2BFF7BEE00BA3DCA /* LaunchScreen.storyboard in Resources */,
				9DACAE7B2BFF7BEE00BA3DCA /* Assets.xcassets in Resources */,
				9DACAE792BFF7BEB00BA3DCA /* Main.storyboard in Resources */,
			);
			runOnlyForDeploymentPostprocessing = 0;
		};
		9DACAE822BFF7BEE00BA3DCA /* Resources */ = {
			isa = PBXResourcesBuildPhase;
			buildActionMask = 2147483647;
			files = (
			);
			runOnlyForDeploymentPostprocessing = 0;
		};
		9DACAE8C2BFF7BEE00BA3DCA /* Resources */ = {
			isa = PBXResourcesBuildPhase;
			buildActionMask = 2147483647;
			files = (
			);
			runOnlyForDeploymentPostprocessing = 0;
		};
/* End PBXResourcesBuildPhase section */

/* Begin PBXSourcesBuildPhase section */
		9DACAE6A2BFF7BEB00BA3DCA /* Sources */ = {
			isa = PBXSourcesBuildPhase;
			buildActionMask = 2147483647;
			files = (
				9DACAE762BFF7BEB00BA3DCA /* ViewController.swift in Sources */,
				9DACAE722BFF7BEB00BA3DCA /* AppDelegate.swift in Sources */,
				9DACAE742BFF7BEB00BA3DCA /* SceneDelegate.swift in Sources */,
			);
			runOnlyForDeploymentPostprocessing = 0;
		};
		9DACAE802BFF7BEE00BA3DCA /* Sources */ = {
			isa = PBXSourcesBuildPhase;
			buildActionMask = 2147483647;
			files = (
				9DACAE892BFF7BEE00BA3DCA /* CoreDataSampleTests.swift in Sources */,
			);
			runOnlyForDeploymentPostprocessing = 0;
		};
		9DACAE8A2BFF7BEE00BA3DCA /* Sources */ = {
			isa = PBXSourcesBuildPhase;
			buildActionMask = 2147483647;
			files = (
				9DACAE932BFF7BEE00BA3DCA /* CoreDataSampleUITests.swift in Sources */,
				9DACAE952BFF7BEE00BA3DCA /* CoreDataSampleUITestsLaunchTests.swift in Sources */,
			);
			runOnlyForDeploymentPostprocessing = 0;
		};
/* End PBXSourcesBuildPhase section */

/* Begin PBXTargetDependency section */
		9DACAE862BFF7BEE00BA3DCA /* PBXTargetDependency */ = {
			isa = PBXTargetDependency;
			target = 9DACAE6D2BFF7BEB00BA3DCA /* CoreDataSample */;
			targetProxy = 9DACAE852BFF7BEE00BA3DCA /* PBXContainerItemProxy */;
		};
		9DACAE902BFF7BEE00BA3DCA /* PBXTargetDependency */ = {
			isa = PBXTargetDependency;
			target = 9DACAE6D2BFF7BEB00BA3DCA /* CoreDataSample */;
			targetProxy = 9DACAE8F2BFF7BEE00BA3DCA /* PBXContainerItemProxy */;
		};
/* End PBXTargetDependency section */

/* Begin PBXVariantGroup section */
		9DACAE772BFF7BEB00BA3DCA /* Main.storyboard */ = {
			isa = PBXVariantGroup;
			children = (
				9DACAE782BFF7BEB00BA3DCA /* Base */,
			);
			name = Main.storyboard;
			sourceTree = "<group>";
		};
		9DACAE7C2BFF7BEE00BA3DCA /* LaunchScreen.storyboard */ = {
			isa = PBXVariantGroup;
			children = (
				9DACAE7D2BFF7BEE00BA3DCA /* Base */,
			);
			name = LaunchScreen.storyboard;
			sourceTree = "<group>";
		};
/* End PBXVariantGroup section */

/* Begin XCBuildConfiguration section */
		9DACAE962BFF7BEE00BA3DCA /* Debug */ = {
			isa = XCBuildConfiguration;
			buildSettings = {
				ALWAYS_SEARCH_USER_PATHS = NO;
				ASSETCATALOG_COMPILER_GENERATE_SWIFT_ASSET_SYMBOL_EXTENSIONS = YES;
				CLANG_ANALYZER_NONNULL = YES;
				CLANG_ANALYZER_NUMBER_OBJECT_CONVERSION = YES_AGGRESSIVE;
				CLANG_CXX_LANGUAGE_STANDARD = "gnu++20";
				CLANG_ENABLE_MODULES = YES;
				CLANG_ENABLE_OBJC_ARC = YES;
				CLANG_ENABLE_OBJC_WEAK = YES;
				CLANG_WARN_BLOCK_CAPTURE_AUTORELEASING = YES;
				CLANG_WARN_BOOL_CONVERSION = YES;
				CLANG_WARN_COMMA = YES;
				CLANG_WARN_CONSTANT_CONVERSION = YES;
				CLANG_WARN_DEPRECATED_OBJC_IMPLEMENTATIONS = YES;
				CLANG_WARN_DIRECT_OBJC_ISA_USAGE = YES_ERROR;
				CLANG_WARN_DOCUMENTATION_COMMENTS = YES;
				CLANG_WARN_EMPTY_BODY = YES;
				CLANG_WARN_ENUM_CONVERSION = YES;
				CLANG_WARN_INFINITE_RECURSION = YES;
				CLANG_WARN_INT_CONVERSION = YES;
				CLANG_WARN_NON_LITERAL_NULL_CONVERSION = YES;
				CLANG_WARN_OBJC_IMPLICIT_RETAIN_SELF = YES;
				CLANG_WARN_OBJC_LITERAL_CONVERSION = YES;
				CLANG_WARN_OBJC_ROOT_CLASS = YES_ERROR;
				CLANG_WARN_QUOTED_INCLUDE_IN_FRAMEWORK_HEADER = YES;
				CLANG_WARN_RANGE_LOOP_ANALYSIS = YES;
				CLANG_WARN_STRICT_PROTOTYPES = YES;
				CLANG_WARN_SUSPICIOUS_MOVE = YES;
				CLANG_WARN_UNGUARDED_AVAILABILITY = YES_AGGRESSIVE;
				CLANG_WARN_UNREACHABLE_CODE = YES;
				CLANG_WARN__DUPLICATE_METHOD_MATCH = YES;
				COPY_PHASE_STRIP = NO;
				DEBUG_INFORMATION_FORMAT = dwarf;
				ENABLE_STRICT_OBJC_MSGSEND = YES;
				ENABLE_TESTABILITY = YES;
				ENABLE_USER_SCRIPT_SANDBOXING = YES;
				GCC_C_LANGUAGE_STANDARD = gnu17;
				GCC_DYNAMIC_NO_PIC = NO;
				GCC_NO_COMMON_BLOCKS = YES;
				GCC_OPTIMIZATION_LEVEL = 0;
				GCC_PREPROCESSOR_DEFINITIONS = (
					"DEBUG=1",
					"$(inherited)",
				);
				GCC_WARN_64_TO_32_BIT_CONVERSION = YES;
				GCC_WARN_ABOUT_RETURN_TYPE = YES_ERROR;
				GCC_WARN_UNDECLARED_SELECTOR = YES;
				GCC_WARN_UNINITIALIZED_AUTOS = YES_AGGRESSIVE;
				GCC_WARN_UNUSED_FUNCTION = YES;
				GCC_WARN_UNUSED_VARIABLE = YES;
				IPHONEOS_DEPLOYMENT_TARGET = 17.2;
				LOCALIZATION_PREFERS_STRING_CATALOGS = YES;
				MTL_ENABLE_DEBUG_INFO = INCLUDE_SOURCE;
				MTL_FAST_MATH = YES;
				ONLY_ACTIVE_ARCH = YES;
				SDKROOT = iphoneos;
				SWIFT_ACTIVE_COMPILATION_CONDITIONS = "DEBUG $(inherited)";
				SWIFT_OPTIMIZATION_LEVEL = "-Onone";
			};
			name = Debug;
		};
		9DACAE972BFF7BEE00BA3DCA /* Release */ = {
			isa = XCBuildConfiguration;
			buildSettings = {
				ALWAYS_SEARCH_USER_PATHS = NO;
				ASSETCATALOG_COMPILER_GENERATE_SWIFT_ASSET_SYMBOL_EXTENSIONS = YES;
				CLANG_ANALYZER_NONNULL = YES;
				CLANG_ANALYZER_NUMBER_OBJECT_CONVERSION = YES_AGGRESSIVE;
				CLANG_CXX_LANGUAGE_STANDARD = "gnu++20";
				CLANG_ENABLE_MODULES = YES;
				CLANG_ENABLE_OBJC_ARC = YES;
				CLANG_ENABLE_OBJC_WEAK = YES;
				CLANG_WARN_BLOCK_CAPTURE_AUTORELEASING = YES;
				CLANG_WARN_BOOL_CONVERSION = YES;
				CLANG_WARN_COMMA = YES;
				CLANG_WARN_CONSTANT_CONVERSION = YES;
				CLANG_WARN_DEPRECATED_OBJC_IMPLEMENTATIONS = YES;
				CLANG_WARN_DIRECT_OBJC_ISA_USAGE = YES_ERROR;
				CLANG_WARN_DOCUMENTATION_COMMENTS = YES;
				CLANG_WARN_EMPTY_BODY = YES;
				CLANG_WARN_ENUM_CONVERSION = YES;
				CLANG_WARN_INFINITE_RECURSION = YES;
				CLANG_WARN_INT_CONVERSION = YES;
				CLANG_WARN_NON_LITERAL_NULL_CONVERSION = YES;
				CLANG_WARN_OBJC_IMPLICIT_RETAIN_SELF = YES;
				CLANG_WARN_OBJC_LITERAL_CONVERSION = YES;
				CLANG_WARN_OBJC_ROOT_CLASS = YES_ERROR;
				CLANG_WARN_QUOTED_INCLUDE_IN_FRAMEWORK_HEADER = YES;
				CLANG_WARN_RANGE_LOOP_ANALYSIS = YES;
				CLANG_WARN_STRICT_PROTOTYPES = YES;
				CLANG_WARN_SUSPICIOUS_MOVE = YES;
				CLANG_WARN_UNGUARDED_AVAILABILITY = YES_AGGRESSIVE;
				CLANG_WARN_UNREACHABLE_CODE = YES;
				CLANG_WARN__DUPLICATE_METHOD_MATCH = YES;
				COPY_PHASE_STRIP = NO;
				DEBUG_INFORMATION_FORMAT = "dwarf-with-dsym";
				ENABLE_NS_ASSERTIONS = NO;
				ENABLE_STRICT_OBJC_MSGSEND = YES;
				ENABLE_USER_SCRIPT_SANDBOXING = YES;
				GCC_C_LANGUAGE_STANDARD = gnu17;
				GCC_NO_COMMON_BLOCKS = YES;
				GCC_WARN_64_TO_32_BIT_CONVERSION = YES;
				GCC_WARN_ABOUT_RETURN_TYPE = YES_ERROR;
				GCC_WARN_UNDECLARED_SELECTOR = YES;
				GCC_WARN_UNINITIALIZED_AUTOS = YES_AGGRESSIVE;
				GCC_WARN_UNUSED_FUNCTION = YES;
				GCC_WARN_UNUSED_VARIABLE = YES;
				IPHONEOS_DEPLOYMENT_TARGET = 17.2;
				LOCALIZATION_PREFERS_STRING_CATALOGS = YES;
				MTL_ENABLE_DEBUG_INFO = NO;
				MTL_FAST_MATH = YES;
				SDKROOT = iphoneos;
				SWIFT_COMPILATION_MODE = wholemodule;
				VALIDATE_PRODUCT = YES;
			};
			name = Release;
		};
		9DACAE992BFF7BEE00BA3DCA /* Debug */ = {
			isa = XCBuildConfiguration;
			buildSettings = {
				ASSETCATALOG_COMPILER_APPICON_NAME = AppIcon;
				ASSETCATALOG_COMPILER_GLOBAL_ACCENT_COLOR_NAME = AccentColor;
				CODE_SIGN_STYLE = Automatic;
				CURRENT_PROJECT_VERSION = 1;
				GENERATE_INFOPLIST_FILE = YES;
				INFOPLIST_FILE = CoreDataSample/Info.plist;
				INFOPLIST_KEY_UIApplicationSupportsIndirectInputEvents = YES;
				INFOPLIST_KEY_UILaunchStoryboardName = LaunchScreen;
				INFOPLIST_KEY_UIMainStoryboardFile = Main;
				INFOPLIST_KEY_UISupportedInterfaceOrientations_iPad = "UIInterfaceOrientationPortrait UIInterfaceOrientationPortraitUpsideDown UIInterfaceOrientationLandscapeLeft UIInterfaceOrientationLandscapeRight";
				INFOPLIST_KEY_UISupportedInterfaceOrientations_iPhone = "UIInterfaceOrientationPortrait UIInterfaceOrientationLandscapeLeft UIInterfaceOrientationLandscapeRight";
				LD_RUNPATH_SEARCH_PATHS = (
					"$(inherited)",
					"@executable_path/Frameworks",
				);
				MARKETING_VERSION = 1.0;
				PRODUCT_BUNDLE_IDENTIFIER = za.co.nedBank.KidsBankingModule.CoreDataSample;
				PRODUCT_NAME = "$(TARGET_NAME)";
				SWIFT_EMIT_LOC_STRINGS = YES;
				SWIFT_VERSION = 5.0;
				TARGETED_DEVICE_FAMILY = "1,2";
			};
			name = Debug;
		};
		9DACAE9A2BFF7BEE00BA3DCA /* Release */ = {
			isa = XCBuildConfiguration;
			buildSettings = {
				ASSETCATALOG_COMPILER_APPICON_NAME = AppIcon;
				ASSETCATALOG_COMPILER_GLOBAL_ACCENT_COLOR_NAME = AccentColor;
				CODE_SIGN_STYLE = Automatic;
				CURRENT_PROJECT_VERSION = 1;
				GENERATE_INFOPLIST_FILE = YES;
				INFOPLIST_FILE = CoreDataSample/Info.plist;
				INFOPLIST_KEY_UIApplicationSupportsIndirectInputEvents = YES;
				INFOPLIST_KEY_UILaunchStoryboardName = LaunchScreen;
				INFOPLIST_KEY_UIMainStoryboardFile = Main;
				INFOPLIST_KEY_UISupportedInterfaceOrientations_iPad = "UIInterfaceOrientationPortrait UIInterfaceOrientationPortraitUpsideDown UIInterfaceOrientationLandscapeLeft UIInterfaceOrientationLandscapeRight";
				INFOPLIST_KEY_UISupportedInterfaceOrientations_iPhone = "UIInterfaceOrientationPortrait UIInterfaceOrientationLandscapeLeft UIInterfaceOrientationLandscapeRight";
				LD_RUNPATH_SEARCH_PATHS = (
					"$(inherited)",
					"@executable_path/Frameworks",
				);
				MARKETING_VERSION = 1.0;
				PRODUCT_BUNDLE_IDENTIFIER = za.co.nedBank.KidsBankingModule.CoreDataSample;
				PRODUCT_NAME = "$(TARGET_NAME)";
				SWIFT_EMIT_LOC_STRINGS = YES;
				SWIFT_VERSION = 5.0;
				TARGETED_DEVICE_FAMILY = "1,2";
			};
			name = Release;
		};
		9DACAE9C2BFF7BEE00BA3DCA /* Debug */ = {
			isa = XCBuildConfiguration;
			buildSettings = {
				ALWAYS_EMBED_SWIFT_STANDARD_LIBRARIES = YES;
				BUNDLE_LOADER = "$(TEST_HOST)";
				CODE_SIGN_STYLE = Automatic;
				CURRENT_PROJECT_VERSION = 1;
				GENERATE_INFOPLIST_FILE = YES;
				IPHONEOS_DEPLOYMENT_TARGET = 17.2;
				MARKETING_VERSION = 1.0;
				PRODUCT_BUNDLE_IDENTIFIER = za.co.nedBank.KidsBankingModule.CoreDataSampleTests;
				PRODUCT_NAME = "$(TARGET_NAME)";
				SWIFT_EMIT_LOC_STRINGS = NO;
				SWIFT_VERSION = 5.0;
				TARGETED_DEVICE_FAMILY = "1,2";
				TEST_HOST = "$(BUILT_PRODUCTS_DIR)/CoreDataSample.app/$(BUNDLE_EXECUTABLE_FOLDER_PATH)/CoreDataSample";
			};
			name = Debug;
		};
		9DACAE9D2BFF7BEE00BA3DCA /* Release */ = {
			isa = XCBuildConfiguration;
			buildSettings = {
				ALWAYS_EMBED_SWIFT_STANDARD_LIBRARIES = YES;
				BUNDLE_LOADER = "$(TEST_HOST)";
				CODE_SIGN_STYLE = Automatic;
				CURRENT_PROJECT_VERSION = 1;
				GENERATE_INFOPLIST_FILE = YES;
				IPHONEOS_DEPLOYMENT_TARGET = 17.2;
				MARKETING_VERSION = 1.0;
				PRODUCT_BUNDLE_IDENTIFIER = za.co.nedBank.KidsBankingModule.CoreDataSampleTests;
				PRODUCT_NAME = "$(TARGET_NAME)";
				SWIFT_EMIT_LOC_STRINGS = NO;
				SWIFT_VERSION = 5.0;
				TARGETED_DEVICE_FAMILY = "1,2";
				TEST_HOST = "$(BUILT_PRODUCTS_DIR)/CoreDataSample.app/$(BUNDLE_EXECUTABLE_FOLDER_PATH)/CoreDataSample";
			};
			name = Release;
		};
		9DACAE9F2BFF7BEE00BA3DCA /* Debug */ = {
			isa = XCBuildConfiguration;
			buildSettings = {
				ALWAYS_EMBED_SWIFT_STANDARD_LIBRARIES = YES;
				CODE_SIGN_STYLE = Automatic;
				CURRENT_PROJECT_VERSION = 1;
				GENERATE_INFOPLIST_FILE = YES;
				MARKETING_VERSION = 1.0;
				PRODUCT_BUNDLE_IDENTIFIER = za.co.nedBank.KidsBankingModule.CoreDataSampleUITests;
				PRODUCT_NAME = "$(TARGET_NAME)";
				SWIFT_EMIT_LOC_STRINGS = NO;
				SWIFT_VERSION = 5.0;
				TARGETED_DEVICE_FAMILY = "1,2";
				TEST_TARGET_NAME = CoreDataSample;
			};
			name = Debug;
		};
		9DACAEA02BFF7BEE00BA3DCA /* Release */ = {
			isa = XCBuildConfiguration;
			buildSettings = {
				ALWAYS_EMBED_SWIFT_STANDARD_LIBRARIES = YES;
				CODE_SIGN_STYLE = Automatic;
				CURRENT_PROJECT_VERSION = 1;
				GENERATE_INFOPLIST_FILE = YES;
				MARKETING_VERSION = 1.0;
				PRODUCT_BUNDLE_IDENTIFIER = za.co.nedBank.KidsBankingModule.CoreDataSampleUITests;
				PRODUCT_NAME = "$(TARGET_NAME)";
				SWIFT_EMIT_LOC_STRINGS = NO;
				SWIFT_VERSION = 5.0;
				TARGETED_DEVICE_FAMILY = "1,2";
				TEST_TARGET_NAME = CoreDataSample;
			};
			name = Release;
		};
/* End XCBuildConfiguration section */

/* Begin XCConfigurationList section */
		9DACAE692BFF7BEB00BA3DCA /* Build configuration list for PBXProject "CoreDataSample" */ = {
			isa = XCConfigurationList;
			buildConfigurations = (
				9DACAE962BFF7BEE00BA3DCA /* Debug */,
				9DACAE972BFF7BEE00BA3DCA /* Release */,
			);
			defaultConfigurationIsVisible = 0;
			defaultConfigurationName = Release;
		};
		9DACAE982BFF7BEE00BA3DCA /* Build configuration list for PBXNativeTarget "CoreDataSample" */ = {
			isa = XCConfigurationList;
			buildConfigurations = (
				9DACAE992BFF7BEE00BA3DCA /* Debug */,
				9DACAE9A2BFF7BEE00BA3DCA /* Release */,
			);
			defaultConfigurationIsVisible = 0;
			defaultConfigurationName = Release;
		};
		9DACAE9B2BFF7BEE00BA3DCA /* Build configuration list for PBXNativeTarget "CoreDataSampleTests" */ = {
			isa = XCConfigurationList;
			buildConfigurations = (
				9DACAE9C2BFF7BEE00BA3DCA /* Debug */,
				9DACAE9D2BFF7BEE00BA3DCA /* Release */,
			);
			defaultConfigurationIsVisible = 0;
			defaultConfigurationName = Release;
		};
		9DACAE9E2BFF7BEE00BA3DCA /* Build configuration list for PBXNativeTarget "CoreDataSampleUITests" */ = {
			isa = XCConfigurationList;
			buildConfigurations = (
				9DACAE9F2BFF7BEE00BA3DCA /* Debug */,
				9DACAEA02BFF7BEE00BA3DCA /* Release */,
			);
			defaultConfigurationIsVisible = 0;
			defaultConfigurationName = Release;
		};
/* End XCConfigurationList section */
	};
	rootObject = 9DACAE662BFF7BEB00BA3DCA /* Project object */;
}
